PODS:
  - AFNetworking (3.2.1):
    - AFNetworking/NSURLSession (= 3.2.1)
    - AFNetworking/Reachability (= 3.2.1)
    - AFNetworking/Security (= 3.2.1)
    - AFNetworking/Serialization (= 3.2.1)
    - AFNetworking/UIKit (= 3.2.1)
  - AFNetworking/NSURLSession (3.2.1):
    - AFNetworking/Reachability
    - AFNetworking/Security
    - AFNetworking/Serialization
  - AFNetworking/Reachability (3.2.1)
  - AFNetworking/Security (3.2.1)
  - AFNetworking/Serialization (3.2.1)
  - AFNetworking/UIKit (3.2.1):
    - AFNetworking/NSURLSession
  - NinchatLowLevel (0.0.9)

DEPENDENCIES:
  - AFNetworking (~> 3.0)
  - NinchatLowLevel (from `.`)

SPEC REPOS:
  https://github.com/cocoapods/specs.git:
    - AFNetworking

EXTERNAL SOURCES:
  NinchatLowLevel:
    :path: "."

SPEC CHECKSUMS:
  AFNetworking: b6f891fdfaed196b46c7a83cf209e09697b94057
  NinchatLowLevel: 6d9f79dc7412b1d7b203e7a5f9a9d3111c86d9c5

PODFILE CHECKSUM: f60eb083c8c474e463eb1407fc1cef213fc4da82

COCOAPODS: 1.5.3
