// !$*UTF8*$!
{
	archiveVersion = 1;
	classes = {
	};
	objectVersion = 50;
	objects = {

/* Begin PBXBuildFile section */
		3415E810D9A9784AC29C5DDA /* libPods-NinchatSDK.a in Frameworks */ = {isa = PBXBuildFile; fileRef = 53633AC906CB6C3F6071DD64 /* libPods-NinchatSDK.a */; };
		44B0F8A9A0A62ED0CF04703A /* libPods-NinchatSDKTests.a in Frameworks */ = {isa = PBXBuildFile; fileRef = 85A89625E8463B54EE672298 /* libPods-NinchatSDKTests.a */; };
		490CE5CF20D29B61007D8DC4 /* NINRoomNameViewController.h in Headers */ = {isa = PBXBuildFile; fileRef = 490CE5CD20D29B61007D8DC4 /* NINRoomNameViewController.h */; };
		490CE5D020D29B61007D8DC4 /* NINRoomNameViewController.m in Sources */ = {isa = PBXBuildFile; fileRef = 490CE5CE20D29B61007D8DC4 /* NINRoomNameViewController.m */; };
		490CE5D120D29B61007D8DC4 /* NINRoomNameViewController.m in Sources */ = {isa = PBXBuildFile; fileRef = 490CE5CE20D29B61007D8DC4 /* NINRoomNameViewController.m */; };
		49140B7020F2494800A00EA8 /* SessionManager.h in Headers */ = {isa = PBXBuildFile; fileRef = 49140B6E20F2494800A00EA8 /* SessionManager.h */; };
		49140B7120F2494800A00EA8 /* SessionManager.m in Sources */ = {isa = PBXBuildFile; fileRef = 49140B6F20F2494800A00EA8 /* SessionManager.m */; };
		49140B7220F2494800A00EA8 /* SessionManager.m in Sources */ = {isa = PBXBuildFile; fileRef = 49140B6F20F2494800A00EA8 /* SessionManager.m */; };
		491D5A1E20CFD31B003E2EE9 /* Podfile in Resources */ = {isa = PBXBuildFile; fileRef = 491D5A1D20CFD31B003E2EE9 /* Podfile */; };
		491D5A2220CFD45F003E2EE9 /* NINVideoCallViewController.h in Headers */ = {isa = PBXBuildFile; fileRef = 491D5A2020CFD45F003E2EE9 /* NINVideoCallViewController.h */; };
		491D5A2320CFD45F003E2EE9 /* NINVideoCallViewController.m in Sources */ = {isa = PBXBuildFile; fileRef = 491D5A2120CFD45F003E2EE9 /* NINVideoCallViewController.m */; };
		491D5A2420CFD45F003E2EE9 /* NINVideoCallViewController.m in Sources */ = {isa = PBXBuildFile; fileRef = 491D5A2120CFD45F003E2EE9 /* NINVideoCallViewController.m */; };
		495762A220EE1AE000BC39A8 /* Utils.m in Sources */ = {isa = PBXBuildFile; fileRef = 495762A120EE1AE000BC39A8 /* Utils.m */; };
		495762A320EE1AE000BC39A8 /* Utils.m in Sources */ = {isa = PBXBuildFile; fileRef = 495762A120EE1AE000BC39A8 /* Utils.m */; };
		4994435F208DF33400101DCA /* NinchatSDK.framework in Frameworks */ = {isa = PBXBuildFile; fileRef = 49944355208DF33400101DCA /* NinchatSDK.framework */; };
		49944364208DF33400101DCA /* NinchatSDKTests.m in Sources */ = {isa = PBXBuildFile; fileRef = 49944363208DF33400101DCA /* NinchatSDKTests.m */; };
		49944366208DF33400101DCA /* NinchatSDK.h in Headers */ = {isa = PBXBuildFile; fileRef = 49944358208DF33400101DCA /* NinchatSDK.h */; settings = {ATTRIBUTES = (Public, ); }; };
		49944371208E009F00101DCA /* Client.framework in Frameworks */ = {isa = PBXBuildFile; fileRef = 49944370208E009F00101DCA /* Client.framework */; };
		49944375208E05DB00101DCA /* NinchatSDK.podspec in Resources */ = {isa = PBXBuildFile; fileRef = 49944372208E05DB00101DCA /* NinchatSDK.podspec */; };
		49944376208E05DB00101DCA /* README.md in Resources */ = {isa = PBXBuildFile; fileRef = 49944373208E05DB00101DCA /* README.md */; };
		49944377208E05DB00101DCA /* BUILDING.md in Resources */ = {isa = PBXBuildFile; fileRef = 49944374208E05DB00101DCA /* BUILDING.md */; };
		499443B4208F320700101DCA /* NINChat.h in Headers */ = {isa = PBXBuildFile; fileRef = 499443B2208F320700101DCA /* NINChat.h */; settings = {ATTRIBUTES = (Public, ); }; };
		499443B5208F320700101DCA /* NINChat.m in Sources */ = {isa = PBXBuildFile; fileRef = 499443B3208F320700101DCA /* NINChat.m */; };
		499443B6208F320700101DCA /* NINChat.m in Sources */ = {isa = PBXBuildFile; fileRef = 499443B3208F320700101DCA /* NINChat.m */; };
		499443BF208F475200101DCA /* Chat.storyboard in Resources */ = {isa = PBXBuildFile; fileRef = 499443BE208F475200101DCA /* Chat.storyboard */; };
		499443C2208F47EA00101DCA /* NINMessagesViewController.h in Headers */ = {isa = PBXBuildFile; fileRef = 499443C0208F47EA00101DCA /* NINMessagesViewController.h */; };
		499443C3208F47EA00101DCA /* NINMessagesViewController.m in Sources */ = {isa = PBXBuildFile; fileRef = 499443C1208F47EA00101DCA /* NINMessagesViewController.m */; };
/* End PBXBuildFile section */

/* Begin PBXContainerItemProxy section */
		49944360208DF33400101DCA /* PBXContainerItemProxy */ = {
			isa = PBXContainerItemProxy;
			containerPortal = 4994434C208DF33400101DCA /* Project object */;
			proxyType = 1;
			remoteGlobalIDString = 49944354208DF33400101DCA;
			remoteInfo = NinchatSDK;
		};
/* End PBXContainerItemProxy section */

/* Begin PBXFileReference section */
		079C11273990681ACED0C21B /* Pods-NinchatSDKTests.debug.xcconfig */ = {isa = PBXFileReference; includeInIndex = 1; lastKnownFileType = text.xcconfig; name = "Pods-NinchatSDKTests.debug.xcconfig"; path = "Pods/Target Support Files/Pods-NinchatSDKTests/Pods-NinchatSDKTests.debug.xcconfig"; sourceTree = "<group>"; };
		490CE5CD20D29B61007D8DC4 /* NINRoomNameViewController.h */ = {isa = PBXFileReference; lastKnownFileType = sourcecode.c.h; path = NINRoomNameViewController.h; sourceTree = "<group>"; };
		490CE5CE20D29B61007D8DC4 /* NINRoomNameViewController.m */ = {isa = PBXFileReference; lastKnownFileType = sourcecode.c.objc; path = NINRoomNameViewController.m; sourceTree = "<group>"; };
		49140B6E20F2494800A00EA8 /* SessionManager.h */ = {isa = PBXFileReference; lastKnownFileType = sourcecode.c.h; path = SessionManager.h; sourceTree = "<group>"; };
		49140B6F20F2494800A00EA8 /* SessionManager.m */ = {isa = PBXFileReference; lastKnownFileType = sourcecode.c.objc; path = SessionManager.m; sourceTree = "<group>"; };
		49140B7320F267EE00A00EA8 /* PublicTypes.h */ = {isa = PBXFileReference; lastKnownFileType = sourcecode.c.h; path = PublicTypes.h; sourceTree = "<group>"; };
		491D5A1D20CFD31B003E2EE9 /* Podfile */ = {isa = PBXFileReference; fileEncoding = 4; lastKnownFileType = text; path = Podfile; sourceTree = "<group>"; xcLanguageSpecificationIdentifier = xcode.lang.ruby; };
		491D5A2020CFD45F003E2EE9 /* NINVideoCallViewController.h */ = {isa = PBXFileReference; lastKnownFileType = sourcecode.c.h; path = NINVideoCallViewController.h; sourceTree = "<group>"; };
		491D5A2120CFD45F003E2EE9 /* NINVideoCallViewController.m */ = {isa = PBXFileReference; lastKnownFileType = sourcecode.c.objc; path = NINVideoCallViewController.m; sourceTree = "<group>"; };
		495762A020EE1AC700BC39A8 /* Utils.h */ = {isa = PBXFileReference; lastKnownFileType = sourcecode.c.h; path = Utils.h; sourceTree = "<group>"; };
		495762A120EE1AE000BC39A8 /* Utils.m */ = {isa = PBXFileReference; lastKnownFileType = sourcecode.c.objc; path = Utils.m; sourceTree = "<group>"; };
		49944355208DF33400101DCA /* NinchatSDK.framework */ = {isa = PBXFileReference; explicitFileType = wrapper.framework; includeInIndex = 0; path = NinchatSDK.framework; sourceTree = BUILT_PRODUCTS_DIR; };
		49944358208DF33400101DCA /* NinchatSDK.h */ = {isa = PBXFileReference; lastKnownFileType = sourcecode.c.h; path = NinchatSDK.h; sourceTree = "<group>"; };
		49944359208DF33400101DCA /* Info.plist */ = {isa = PBXFileReference; lastKnownFileType = text.plist.xml; path = Info.plist; sourceTree = "<group>"; };
		4994435E208DF33400101DCA /* NinchatSDKTests.xctest */ = {isa = PBXFileReference; explicitFileType = wrapper.cfbundle; includeInIndex = 0; path = NinchatSDKTests.xctest; sourceTree = BUILT_PRODUCTS_DIR; };
		49944363208DF33400101DCA /* NinchatSDKTests.m */ = {isa = PBXFileReference; lastKnownFileType = sourcecode.c.objc; path = NinchatSDKTests.m; sourceTree = "<group>"; };
		49944365208DF33400101DCA /* Info.plist */ = {isa = PBXFileReference; lastKnownFileType = text.plist.xml; path = Info.plist; sourceTree = "<group>"; };
		49944370208E009F00101DCA /* Client.framework */ = {isa = PBXFileReference; lastKnownFileType = wrapper.framework; path = Client.framework; sourceTree = "<group>"; };
		49944372208E05DB00101DCA /* NinchatSDK.podspec */ = {isa = PBXFileReference; fileEncoding = 4; lastKnownFileType = text; path = NinchatSDK.podspec; sourceTree = "<group>"; xcLanguageSpecificationIdentifier = xcode.lang.ruby; };
		49944373208E05DB00101DCA /* README.md */ = {isa = PBXFileReference; fileEncoding = 4; lastKnownFileType = net.daringfireball.markdown; path = README.md; sourceTree = "<group>"; };
		49944374208E05DB00101DCA /* BUILDING.md */ = {isa = PBXFileReference; fileEncoding = 4; lastKnownFileType = net.daringfireball.markdown; path = BUILDING.md; sourceTree = "<group>"; };
		499443B2208F320700101DCA /* NINChat.h */ = {isa = PBXFileReference; lastKnownFileType = sourcecode.c.h; path = NINChat.h; sourceTree = "<group>"; };
		499443B3208F320700101DCA /* NINChat.m */ = {isa = PBXFileReference; lastKnownFileType = sourcecode.c.objc; path = NINChat.m; sourceTree = "<group>"; };
		499443BC208F37A300101DCA /* PrefixHeader.pch */ = {isa = PBXFileReference; lastKnownFileType = sourcecode.c.h; path = PrefixHeader.pch; sourceTree = "<group>"; };
		499443BE208F475200101DCA /* Chat.storyboard */ = {isa = PBXFileReference; lastKnownFileType = file.storyboard; path = Chat.storyboard; sourceTree = "<group>"; };
		499443C0208F47EA00101DCA /* NINMessagesViewController.h */ = {isa = PBXFileReference; lastKnownFileType = sourcecode.c.h; path = NINMessagesViewController.h; sourceTree = "<group>"; };
		499443C1208F47EA00101DCA /* NINMessagesViewController.m */ = {isa = PBXFileReference; lastKnownFileType = sourcecode.c.objc; path = NINMessagesViewController.m; sourceTree = "<group>"; };
		53633AC906CB6C3F6071DD64 /* libPods-NinchatSDK.a */ = {isa = PBXFileReference; explicitFileType = archive.ar; includeInIndex = 0; path = "libPods-NinchatSDK.a"; sourceTree = BUILT_PRODUCTS_DIR; };
		85A89625E8463B54EE672298 /* libPods-NinchatSDKTests.a */ = {isa = PBXFileReference; explicitFileType = archive.ar; includeInIndex = 0; path = "libPods-NinchatSDKTests.a"; sourceTree = BUILT_PRODUCTS_DIR; };
		A7F7699C7352569AF2E37C05 /* Pods-NinchatSDK.debug.xcconfig */ = {isa = PBXFileReference; includeInIndex = 1; lastKnownFileType = text.xcconfig; name = "Pods-NinchatSDK.debug.xcconfig"; path = "Pods/Target Support Files/Pods-NinchatSDK/Pods-NinchatSDK.debug.xcconfig"; sourceTree = "<group>"; };
		CA92BA1DB07BD7F2E578990B /* Pods-NinchatSDKTests.release.xcconfig */ = {isa = PBXFileReference; includeInIndex = 1; lastKnownFileType = text.xcconfig; name = "Pods-NinchatSDKTests.release.xcconfig"; path = "Pods/Target Support Files/Pods-NinchatSDKTests/Pods-NinchatSDKTests.release.xcconfig"; sourceTree = "<group>"; };
		D14280DE86D0B4B6F519155F /* Pods-NinchatSDK.release.xcconfig */ = {isa = PBXFileReference; includeInIndex = 1; lastKnownFileType = text.xcconfig; name = "Pods-NinchatSDK.release.xcconfig"; path = "Pods/Target Support Files/Pods-NinchatSDK/Pods-NinchatSDK.release.xcconfig"; sourceTree = "<group>"; };
/* End PBXFileReference section */

/* Begin PBXFrameworksBuildPhase section */
		49944351208DF33400101DCA /* Frameworks */ = {
			isa = PBXFrameworksBuildPhase;
			buildActionMask = 2147483647;
			files = (
				49944371208E009F00101DCA /* Client.framework in Frameworks */,
				3415E810D9A9784AC29C5DDA /* libPods-NinchatSDK.a in Frameworks */,
			);
			runOnlyForDeploymentPostprocessing = 0;
		};
		4994435B208DF33400101DCA /* Frameworks */ = {
			isa = PBXFrameworksBuildPhase;
			buildActionMask = 2147483647;
			files = (
				4994435F208DF33400101DCA /* NinchatSDK.framework in Frameworks */,
				44B0F8A9A0A62ED0CF04703A /* libPods-NinchatSDKTests.a in Frameworks */,
			);
			runOnlyForDeploymentPostprocessing = 0;
		};
/* End PBXFrameworksBuildPhase section */

/* Begin PBXGroup section */
		49140B6D20F2492500A00EA8 /* SessionManager */ = {
			isa = PBXGroup;
			children = (
				49140B6E20F2494800A00EA8 /* SessionManager.h */,
				49140B6F20F2494800A00EA8 /* SessionManager.m */,
			);
			path = SessionManager;
			sourceTree = "<group>";
		};
		491D5A1F20CFD42E003E2EE9 /* VideoCallView */ = {
			isa = PBXGroup;
			children = (
				491D5A2020CFD45F003E2EE9 /* NINVideoCallViewController.h */,
				491D5A2120CFD45F003E2EE9 /* NINVideoCallViewController.m */,
				490CE5CD20D29B61007D8DC4 /* NINRoomNameViewController.h */,
				490CE5CE20D29B61007D8DC4 /* NINRoomNameViewController.m */,
			);
			path = VideoCallView;
			sourceTree = "<group>";
		};
		4957629F20EE1A8700BC39A8 /* Utils */ = {
			isa = PBXGroup;
			children = (
				495762A020EE1AC700BC39A8 /* Utils.h */,
				495762A120EE1AE000BC39A8 /* Utils.m */,
			);
			path = Utils;
			sourceTree = "<group>";
		};
		4994434B208DF33400101DCA = {
			isa = PBXGroup;
			children = (
				491D5A1D20CFD31B003E2EE9 /* Podfile */,
				49944372208E05DB00101DCA /* NinchatSDK.podspec */,
				49944374208E05DB00101DCA /* BUILDING.md */,
				49944373208E05DB00101DCA /* README.md */,
				4994436F208E007700101DCA /* Frameworks */,
				49944357208DF33400101DCA /* NinchatSDK */,
				49944362208DF33400101DCA /* NinchatSDKTests */,
				49944356208DF33400101DCA /* Products */,
				748A62C35B36023A82D6A0E2 /* Pods */,
			);
			sourceTree = "<group>";
		};
		49944356208DF33400101DCA /* Products */ = {
			isa = PBXGroup;
			children = (
				49944355208DF33400101DCA /* NinchatSDK.framework */,
				4994435E208DF33400101DCA /* NinchatSDKTests.xctest */,
			);
			name = Products;
			sourceTree = "<group>";
		};
		49944357208DF33400101DCA /* NinchatSDK */ = {
			isa = PBXGroup;
			children = (
				49140B6D20F2492500A00EA8 /* SessionManager */,
				4957629F20EE1A8700BC39A8 /* Utils */,
				499443BD208F473700101DCA /* UI */,
				49944358208DF33400101DCA /* NinchatSDK.h */,
				49944359208DF33400101DCA /* Info.plist */,
				499443B2208F320700101DCA /* NINChat.h */,
				499443B3208F320700101DCA /* NINChat.m */,
				49140B7320F267EE00A00EA8 /* PublicTypes.h */,
				499443BC208F37A300101DCA /* PrefixHeader.pch */,
			);
			path = NinchatSDK;
			sourceTree = "<group>";
		};
		49944362208DF33400101DCA /* NinchatSDKTests */ = {
			isa = PBXGroup;
			children = (
				49944363208DF33400101DCA /* NinchatSDKTests.m */,
				49944365208DF33400101DCA /* Info.plist */,
			);
			path = NinchatSDKTests;
			sourceTree = "<group>";
		};
		4994436F208E007700101DCA /* Frameworks */ = {
			isa = PBXGroup;
			children = (
				49944370208E009F00101DCA /* Client.framework */,
				53633AC906CB6C3F6071DD64 /* libPods-NinchatSDK.a */,
				85A89625E8463B54EE672298 /* libPods-NinchatSDKTests.a */,
			);
			path = Frameworks;
			sourceTree = "<group>";
		};
		499443BD208F473700101DCA /* UI */ = {
			isa = PBXGroup;
			children = (
				499443BE208F475200101DCA /* Chat.storyboard */,
				499443C4208F47F000101DCA /* MessagesView */,
				491D5A1F20CFD42E003E2EE9 /* VideoCallView */,
			);
			path = UI;
			sourceTree = "<group>";
		};
		499443C4208F47F000101DCA /* MessagesView */ = {
			isa = PBXGroup;
			children = (
				499443C0208F47EA00101DCA /* NINMessagesViewController.h */,
				499443C1208F47EA00101DCA /* NINMessagesViewController.m */,
			);
			path = MessagesView;
			sourceTree = "<group>";
		};
		748A62C35B36023A82D6A0E2 /* Pods */ = {
			isa = PBXGroup;
			children = (
				A7F7699C7352569AF2E37C05 /* Pods-NinchatSDK.debug.xcconfig */,
				D14280DE86D0B4B6F519155F /* Pods-NinchatSDK.release.xcconfig */,
				079C11273990681ACED0C21B /* Pods-NinchatSDKTests.debug.xcconfig */,
				CA92BA1DB07BD7F2E578990B /* Pods-NinchatSDKTests.release.xcconfig */,
			);
			name = Pods;
			sourceTree = "<group>";
		};
/* End PBXGroup section */

/* Begin PBXHeadersBuildPhase section */
		49944352208DF33400101DCA /* Headers */ = {
			isa = PBXHeadersBuildPhase;
			buildActionMask = 2147483647;
			files = (
				49944366208DF33400101DCA /* NinchatSDK.h in Headers */,
				491D5A2220CFD45F003E2EE9 /* NINVideoCallViewController.h in Headers */,
				490CE5CF20D29B61007D8DC4 /* NINRoomNameViewController.h in Headers */,
				499443B4208F320700101DCA /* NINChat.h in Headers */,
				499443C2208F47EA00101DCA /* NINMessagesViewController.h in Headers */,
				49140B7020F2494800A00EA8 /* SessionManager.h in Headers */,
			);
			runOnlyForDeploymentPostprocessing = 0;
		};
/* End PBXHeadersBuildPhase section */

/* Begin PBXNativeTarget section */
		49944354208DF33400101DCA /* NinchatSDK */ = {
			isa = PBXNativeTarget;
			buildConfigurationList = 49944369208DF33400101DCA /* Build configuration list for PBXNativeTarget "NinchatSDK" */;
			buildPhases = (
				85C7A92057B69D8404D41D31 /* [CP] Check Pods Manifest.lock */,
				49944350208DF33400101DCA /* Sources */,
				49944351208DF33400101DCA /* Frameworks */,
				49944352208DF33400101DCA /* Headers */,
				49944353208DF33400101DCA /* Resources */,
			);
			buildRules = (
			);
			dependencies = (
			);
			name = NinchatSDK;
			productName = NinchatSDK;
			productReference = 49944355208DF33400101DCA /* NinchatSDK.framework */;
			productType = "com.apple.product-type.framework";
		};
		4994435D208DF33400101DCA /* NinchatSDKTests */ = {
			isa = PBXNativeTarget;
			buildConfigurationList = 4994436C208DF33400101DCA /* Build configuration list for PBXNativeTarget "NinchatSDKTests" */;
			buildPhases = (
				FAFC3D6DEF9918AA33E4F0FD /* [CP] Check Pods Manifest.lock */,
				4994435A208DF33400101DCA /* Sources */,
				4994435B208DF33400101DCA /* Frameworks */,
				4994435C208DF33400101DCA /* Resources */,
			);
			buildRules = (
			);
			dependencies = (
				49944361208DF33400101DCA /* PBXTargetDependency */,
			);
			name = NinchatSDKTests;
			productName = NinchatSDKTests;
			productReference = 4994435E208DF33400101DCA /* NinchatSDKTests.xctest */;
			productType = "com.apple.product-type.bundle.unit-test";
		};
/* End PBXNativeTarget section */

/* Begin PBXProject section */
		4994434C208DF33400101DCA /* Project object */ = {
			isa = PBXProject;
			attributes = {
				CLASSPREFIX = NIN;
				LastUpgradeCheck = 0940;
				ORGANIZATIONNAME = "Somia Reality Oy";
				TargetAttributes = {
					49944354208DF33400101DCA = {
						CreatedOnToolsVersion = 9.3;
					};
					4994435D208DF33400101DCA = {
						CreatedOnToolsVersion = 9.3;
					};
				};
			};
			buildConfigurationList = 4994434F208DF33400101DCA /* Build configuration list for PBXProject "NinchatSDK" */;
			compatibilityVersion = "Xcode 9.3";
			developmentRegion = en;
			hasScannedForEncodings = 0;
			knownRegions = (
				en,
			);
			mainGroup = 4994434B208DF33400101DCA;
			productRefGroup = 49944356208DF33400101DCA /* Products */;
			projectDirPath = "";
			projectRoot = "";
			targets = (
				49944354208DF33400101DCA /* NinchatSDK */,
				4994435D208DF33400101DCA /* NinchatSDKTests */,
			);
		};
/* End PBXProject section */

/* Begin PBXResourcesBuildPhase section */
		49944353208DF33400101DCA /* Resources */ = {
			isa = PBXResourcesBuildPhase;
			buildActionMask = 2147483647;
			files = (
				491D5A1E20CFD31B003E2EE9 /* Podfile in Resources */,
				49944377208E05DB00101DCA /* BUILDING.md in Resources */,
				49944376208E05DB00101DCA /* README.md in Resources */,
				499443BF208F475200101DCA /* Chat.storyboard in Resources */,
				49944375208E05DB00101DCA /* NinchatSDK.podspec in Resources */,
			);
			runOnlyForDeploymentPostprocessing = 0;
		};
		4994435C208DF33400101DCA /* Resources */ = {
			isa = PBXResourcesBuildPhase;
			buildActionMask = 2147483647;
			files = (
			);
			runOnlyForDeploymentPostprocessing = 0;
		};
/* End PBXResourcesBuildPhase section */

/* Begin PBXShellScriptBuildPhase section */
		85C7A92057B69D8404D41D31 /* [CP] Check Pods Manifest.lock */ = {
			isa = PBXShellScriptBuildPhase;
			buildActionMask = 2147483647;
			files = (
			);
			inputPaths = (
				"${PODS_PODFILE_DIR_PATH}/Podfile.lock",
				"${PODS_ROOT}/Manifest.lock",
			);
			name = "[CP] Check Pods Manifest.lock";
			outputPaths = (
				"$(DERIVED_FILE_DIR)/Pods-NinchatSDK-checkManifestLockResult.txt",
			);
			runOnlyForDeploymentPostprocessing = 0;
			shellPath = /bin/sh;
			shellScript = "diff \"${PODS_PODFILE_DIR_PATH}/Podfile.lock\" \"${PODS_ROOT}/Manifest.lock\" > /dev/null\nif [ $? != 0 ] ; then\n    # print error to STDERR\n    echo \"error: The sandbox is not in sync with the Podfile.lock. Run 'pod install' or update your CocoaPods installation.\" >&2\n    exit 1\nfi\n# This output is used by Xcode 'outputs' to avoid re-running this script phase.\necho \"SUCCESS\" > \"${SCRIPT_OUTPUT_FILE_0}\"\n";
			showEnvVarsInLog = 0;
		};
		FAFC3D6DEF9918AA33E4F0FD /* [CP] Check Pods Manifest.lock */ = {
			isa = PBXShellScriptBuildPhase;
			buildActionMask = 2147483647;
			files = (
			);
			inputPaths = (
				"${PODS_PODFILE_DIR_PATH}/Podfile.lock",
				"${PODS_ROOT}/Manifest.lock",
			);
			name = "[CP] Check Pods Manifest.lock";
			outputPaths = (
				"$(DERIVED_FILE_DIR)/Pods-NinchatSDKTests-checkManifestLockResult.txt",
			);
			runOnlyForDeploymentPostprocessing = 0;
			shellPath = /bin/sh;
			shellScript = "diff \"${PODS_PODFILE_DIR_PATH}/Podfile.lock\" \"${PODS_ROOT}/Manifest.lock\" > /dev/null\nif [ $? != 0 ] ; then\n    # print error to STDERR\n    echo \"error: The sandbox is not in sync with the Podfile.lock. Run 'pod install' or update your CocoaPods installation.\" >&2\n    exit 1\nfi\n# This output is used by Xcode 'outputs' to avoid re-running this script phase.\necho \"SUCCESS\" > \"${SCRIPT_OUTPUT_FILE_0}\"\n";
			showEnvVarsInLog = 0;
		};
/* End PBXShellScriptBuildPhase section */

/* Begin PBXSourcesBuildPhase section */
		49944350208DF33400101DCA /* Sources */ = {
			isa = PBXSourcesBuildPhase;
			buildActionMask = 2147483647;
			files = (
				49140B7120F2494800A00EA8 /* SessionManager.m in Sources */,
				490CE5D020D29B61007D8DC4 /* NINRoomNameViewController.m in Sources */,
				491D5A2320CFD45F003E2EE9 /* NINVideoCallViewController.m in Sources */,
				499443C3208F47EA00101DCA /* NINMessagesViewController.m in Sources */,
				495762A220EE1AE000BC39A8 /* Utils.m in Sources */,
				499443B5208F320700101DCA /* NINChat.m in Sources */,
			);
			runOnlyForDeploymentPostprocessing = 0;
		};
		4994435A208DF33400101DCA /* Sources */ = {
			isa = PBXSourcesBuildPhase;
			buildActionMask = 2147483647;
			files = (
				49140B7220F2494800A00EA8 /* SessionManager.m in Sources */,
				490CE5D120D29B61007D8DC4 /* NINRoomNameViewController.m in Sources */,
				491D5A2420CFD45F003E2EE9 /* NINVideoCallViewController.m in Sources */,
				499443B6208F320700101DCA /* NINChat.m in Sources */,
				495762A320EE1AE000BC39A8 /* Utils.m in Sources */,
				49944364208DF33400101DCA /* NinchatSDKTests.m in Sources */,
			);
			runOnlyForDeploymentPostprocessing = 0;
		};
/* End PBXSourcesBuildPhase section */

/* Begin PBXTargetDependency section */
		49944361208DF33400101DCA /* PBXTargetDependency */ = {
			isa = PBXTargetDependency;
			target = 49944354208DF33400101DCA /* NinchatSDK */;
			targetProxy = 49944360208DF33400101DCA /* PBXContainerItemProxy */;
		};
/* End PBXTargetDependency section */

/* Begin XCBuildConfiguration section */
		49944367208DF33400101DCA /* Debug */ = {
			isa = XCBuildConfiguration;
			buildSettings = {
				ALWAYS_SEARCH_USER_PATHS = NO;
				CLANG_ANALYZER_NONNULL = YES;
				CLANG_ANALYZER_NUMBER_OBJECT_CONVERSION = YES_AGGRESSIVE;
				CLANG_CXX_LANGUAGE_STANDARD = "gnu++14";
				CLANG_CXX_LIBRARY = "libc++";
				CLANG_ENABLE_MODULES = YES;
				CLANG_ENABLE_OBJC_ARC = YES;
				CLANG_ENABLE_OBJC_WEAK = YES;
				CLANG_WARN_BLOCK_CAPTURE_AUTORELEASING = YES;
				CLANG_WARN_BOOL_CONVERSION = YES;
				CLANG_WARN_COMMA = YES;
				CLANG_WARN_CONSTANT_CONVERSION = YES;
				CLANG_WARN_DEPRECATED_OBJC_IMPLEMENTATIONS = YES;
				CLANG_WARN_DIRECT_OBJC_ISA_USAGE = YES_ERROR;
				CLANG_WARN_DOCUMENTATION_COMMENTS = YES;
				CLANG_WARN_EMPTY_BODY = YES;
				CLANG_WARN_ENUM_CONVERSION = YES;
				CLANG_WARN_INFINITE_RECURSION = YES;
				CLANG_WARN_INT_CONVERSION = YES;
				CLANG_WARN_NON_LITERAL_NULL_CONVERSION = YES;
				CLANG_WARN_OBJC_IMPLICIT_RETAIN_SELF = YES;
				CLANG_WARN_OBJC_LITERAL_CONVERSION = YES;
				CLANG_WARN_OBJC_ROOT_CLASS = YES_ERROR;
				CLANG_WARN_RANGE_LOOP_ANALYSIS = YES;
				CLANG_WARN_STRICT_PROTOTYPES = YES;
				CLANG_WARN_SUSPICIOUS_MOVE = YES;
				CLANG_WARN_UNGUARDED_AVAILABILITY = YES_AGGRESSIVE;
				CLANG_WARN_UNREACHABLE_CODE = YES;
				CLANG_WARN__DUPLICATE_METHOD_MATCH = YES;
				CODE_SIGN_IDENTITY = "iPhone Developer";
				COPY_PHASE_STRIP = NO;
				CURRENT_PROJECT_VERSION = 1;
				DEBUG_INFORMATION_FORMAT = dwarf;
				ENABLE_STRICT_OBJC_MSGSEND = YES;
				ENABLE_TESTABILITY = YES;
				GCC_C_LANGUAGE_STANDARD = gnu11;
				GCC_DYNAMIC_NO_PIC = NO;
				GCC_NO_COMMON_BLOCKS = YES;
				GCC_OPTIMIZATION_LEVEL = 0;
				GCC_PREFIX_HEADER = "$(SRCROOT)/NinchatSDK/PrefixHeader.pch";
				GCC_PREPROCESSOR_DEFINITIONS = (
					"DEBUG=1",
					"$(inherited)",
				);
				GCC_WARN_64_TO_32_BIT_CONVERSION = YES;
				GCC_WARN_ABOUT_RETURN_TYPE = YES_ERROR;
				GCC_WARN_UNDECLARED_SELECTOR = YES;
				GCC_WARN_UNINITIALIZED_AUTOS = YES_AGGRESSIVE;
				GCC_WARN_UNUSED_FUNCTION = YES;
				GCC_WARN_UNUSED_VARIABLE = YES;
				IPHONEOS_DEPLOYMENT_TARGET = 11.3;
				MTL_ENABLE_DEBUG_INFO = YES;
				ONLY_ACTIVE_ARCH = YES;
				SDKROOT = iphoneos;
				VERSIONING_SYSTEM = "apple-generic";
				VERSION_INFO_PREFIX = "";
			};
			name = Debug;
		};
		49944368208DF33400101DCA /* Release */ = {
			isa = XCBuildConfiguration;
			buildSettings = {
				ALWAYS_SEARCH_USER_PATHS = NO;
				CLANG_ANALYZER_NONNULL = YES;
				CLANG_ANALYZER_NUMBER_OBJECT_CONVERSION = YES_AGGRESSIVE;
				CLANG_CXX_LANGUAGE_STANDARD = "gnu++14";
				CLANG_CXX_LIBRARY = "libc++";
				CLANG_ENABLE_MODULES = YES;
				CLANG_ENABLE_OBJC_ARC = YES;
				CLANG_ENABLE_OBJC_WEAK = YES;
				CLANG_WARN_BLOCK_CAPTURE_AUTORELEASING = YES;
				CLANG_WARN_BOOL_CONVERSION = YES;
				CLANG_WARN_COMMA = YES;
				CLANG_WARN_CONSTANT_CONVERSION = YES;
				CLANG_WARN_DEPRECATED_OBJC_IMPLEMENTATIONS = YES;
				CLANG_WARN_DIRECT_OBJC_ISA_USAGE = YES_ERROR;
				CLANG_WARN_DOCUMENTATION_COMMENTS = YES;
				CLANG_WARN_EMPTY_BODY = YES;
				CLANG_WARN_ENUM_CONVERSION = YES;
				CLANG_WARN_INFINITE_RECURSION = YES;
				CLANG_WARN_INT_CONVERSION = YES;
				CLANG_WARN_NON_LITERAL_NULL_CONVERSION = YES;
				CLANG_WARN_OBJC_IMPLICIT_RETAIN_SELF = YES;
				CLANG_WARN_OBJC_LITERAL_CONVERSION = YES;
				CLANG_WARN_OBJC_ROOT_CLASS = YES_ERROR;
				CLANG_WARN_RANGE_LOOP_ANALYSIS = YES;
				CLANG_WARN_STRICT_PROTOTYPES = YES;
				CLANG_WARN_SUSPICIOUS_MOVE = YES;
				CLANG_WARN_UNGUARDED_AVAILABILITY = YES_AGGRESSIVE;
				CLANG_WARN_UNREACHABLE_CODE = YES;
				CLANG_WARN__DUPLICATE_METHOD_MATCH = YES;
				CODE_SIGN_IDENTITY = "iPhone Developer";
				COPY_PHASE_STRIP = NO;
				CURRENT_PROJECT_VERSION = 1;
				DEBUG_INFORMATION_FORMAT = "dwarf-with-dsym";
				ENABLE_NS_ASSERTIONS = NO;
				ENABLE_STRICT_OBJC_MSGSEND = YES;
				GCC_C_LANGUAGE_STANDARD = gnu11;
				GCC_NO_COMMON_BLOCKS = YES;
				GCC_PREFIX_HEADER = "$(SRCROOT)/NinchatSDK/PrefixHeader.pch";
				GCC_WARN_64_TO_32_BIT_CONVERSION = YES;
				GCC_WARN_ABOUT_RETURN_TYPE = YES_ERROR;
				GCC_WARN_UNDECLARED_SELECTOR = YES;
				GCC_WARN_UNINITIALIZED_AUTOS = YES_AGGRESSIVE;
				GCC_WARN_UNUSED_FUNCTION = YES;
				GCC_WARN_UNUSED_VARIABLE = YES;
				IPHONEOS_DEPLOYMENT_TARGET = 11.3;
				MTL_ENABLE_DEBUG_INFO = NO;
				SDKROOT = iphoneos;
				VALIDATE_PRODUCT = YES;
				VERSIONING_SYSTEM = "apple-generic";
				VERSION_INFO_PREFIX = "";
			};
			name = Release;
		};
		4994436A208DF33400101DCA /* Debug */ = {
			isa = XCBuildConfiguration;
			baseConfigurationReference = A7F7699C7352569AF2E37C05 /* Pods-NinchatSDK.debug.xcconfig */;
			buildSettings = {
				CODE_SIGN_IDENTITY = "";
				CODE_SIGN_STYLE = Automatic;
				DEFINES_MODULE = YES;
				DEVELOPMENT_TEAM = 2RLYKMD3U8;
				DYLIB_COMPATIBILITY_VERSION = 1;
				DYLIB_CURRENT_VERSION = 1;
				DYLIB_INSTALL_NAME_BASE = "@rpath";
				ENABLE_BITCODE = NO;
				FRAMEWORK_SEARCH_PATHS = (
					"$(inherited)",
					"$(PROJECT_DIR)/Frameworks",
				);
				GCC_DYNAMIC_NO_PIC = NO;
				INFOPLIST_FILE = NinchatSDK/Info.plist;
				INSTALL_PATH = "$(LOCAL_LIBRARY_DIR)/Frameworks";
				LD_RUNPATH_SEARCH_PATHS = (
					"$(inherited)",
					"@executable_path/Frameworks",
					"@loader_path/Frameworks",
				);
				PRODUCT_BUNDLE_IDENTIFIER = fi.qvik.NinchatSDK;
				PRODUCT_NAME = "$(TARGET_NAME:c99extidentifier)";
				SKIP_INSTALL = YES;
				TARGETED_DEVICE_FAMILY = "1,2";
			};
			name = Debug;
		};
		4994436B208DF33400101DCA /* Release */ = {
			isa = XCBuildConfiguration;
			baseConfigurationReference = D14280DE86D0B4B6F519155F /* Pods-NinchatSDK.release.xcconfig */;
			buildSettings = {
				CODE_SIGN_IDENTITY = "";
				CODE_SIGN_STYLE = Automatic;
				DEFINES_MODULE = YES;
				DEVELOPMENT_TEAM = 2RLYKMD3U8;
				DYLIB_COMPATIBILITY_VERSION = 1;
				DYLIB_CURRENT_VERSION = 1;
				DYLIB_INSTALL_NAME_BASE = "@rpath";
				ENABLE_BITCODE = NO;
				FRAMEWORK_SEARCH_PATHS = (
					"$(inherited)",
					"$(PROJECT_DIR)/Frameworks",
				);
				GCC_DYNAMIC_NO_PIC = NO;
				INFOPLIST_FILE = NinchatSDK/Info.plist;
				INSTALL_PATH = "$(LOCAL_LIBRARY_DIR)/Frameworks";
				LD_RUNPATH_SEARCH_PATHS = (
					"$(inherited)",
					"@executable_path/Frameworks",
					"@loader_path/Frameworks",
				);
				PRODUCT_BUNDLE_IDENTIFIER = fi.qvik.NinchatSDK;
				PRODUCT_NAME = "$(TARGET_NAME:c99extidentifier)";
				SKIP_INSTALL = YES;
				TARGETED_DEVICE_FAMILY = "1,2";
			};
			name = Release;
		};
		4994436D208DF33400101DCA /* Debug */ = {
			isa = XCBuildConfiguration;
			baseConfigurationReference = 079C11273990681ACED0C21B /* Pods-NinchatSDKTests.debug.xcconfig */;
			buildSettings = {
				CODE_SIGN_STYLE = Automatic;
				DEVELOPMENT_TEAM = 2RLYKMD3U8;
				INFOPLIST_FILE = NinchatSDKTests/Info.plist;
				LD_RUNPATH_SEARCH_PATHS = (
					"$(inherited)",
					"@executable_path/Frameworks",
					"@loader_path/Frameworks",
				);
				OTHER_LDFLAGS = "$(inherited)";
				PRODUCT_BUNDLE_IDENTIFIER = fi.qvik.NinchatSDKTests;
				PRODUCT_NAME = "$(TARGET_NAME)";
				TARGETED_DEVICE_FAMILY = "1,2";
			};
			name = Debug;
		};
		4994436E208DF33400101DCA /* Release */ = {
			isa = XCBuildConfiguration;
			baseConfigurationReference = CA92BA1DB07BD7F2E578990B /* Pods-NinchatSDKTests.release.xcconfig */;
			buildSettings = {
				CODE_SIGN_STYLE = Automatic;
				DEVELOPMENT_TEAM = 2RLYKMD3U8;
				INFOPLIST_FILE = NinchatSDKTests/Info.plist;
				LD_RUNPATH_SEARCH_PATHS = (
					"$(inherited)",
					"@executable_path/Frameworks",
					"@loader_path/Frameworks",
				);
				OTHER_LDFLAGS = "$(inherited)";
				PRODUCT_BUNDLE_IDENTIFIER = fi.qvik.NinchatSDKTests;
				PRODUCT_NAME = "$(TARGET_NAME)";
				TARGETED_DEVICE_FAMILY = "1,2";
			};
			name = Release;
		};
/* End XCBuildConfiguration section */

/* Begin XCConfigurationList section */
		4994434F208DF33400101DCA /* Build configuration list for PBXProject "NinchatSDK" */ = {
			isa = XCConfigurationList;
			buildConfigurations = (
				49944367208DF33400101DCA /* Debug */,
				49944368208DF33400101DCA /* Release */,
			);
			defaultConfigurationIsVisible = 0;
			defaultConfigurationName = Release;
		};
		49944369208DF33400101DCA /* Build configuration list for PBXNativeTarget "NinchatSDK" */ = {
			isa = XCConfigurationList;
			buildConfigurations = (
				4994436A208DF33400101DCA /* Debug */,
				4994436B208DF33400101DCA /* Release */,
			);
			defaultConfigurationIsVisible = 0;
			defaultConfigurationName = Release;
		};
		4994436C208DF33400101DCA /* Build configuration list for PBXNativeTarget "NinchatSDKTests" */ = {
			isa = XCConfigurationList;
			buildConfigurations = (
				4994436D208DF33400101DCA /* Debug */,
				4994436E208DF33400101DCA /* Release */,
			);
			defaultConfigurationIsVisible = 0;
			defaultConfigurationName = Release;
		};
/* End XCConfigurationList section */
	};
	rootObject = 4994434C208DF33400101DCA /* Project object */;
}
