// !$*UTF8*$!
{
	archiveVersion = 1;
	classes = {
	};
	objectVersion = 50;
	objects = {

/* Begin PBXBuildFile section */
		3B7C28569C52B8BCE90E5F43 /* Pods_NinchatSDK.framework in Frameworks */ = {isa = PBXBuildFile; fileRef = 5317ED40D8AD5529D4109826 /* Pods_NinchatSDK.framework */; };
		4911895C214B9B14008F1748 /* NINChatSession+Internal.h in Headers */ = {isa = PBXBuildFile; fileRef = 4911895A214B9B14008F1748 /* NINChatSession+Internal.h */; };
		4911895D214B9B14008F1748 /* NINChatSession+Internal.m in Sources */ = {isa = PBXBuildFile; fileRef = 4911895B214B9B14008F1748 /* NINChatSession+Internal.m */; };
		49118960214BE54F008F1748 /* NSDateFormatter+Ninchat.h in Headers */ = {isa = PBXBuildFile; fileRef = 4911895E214BE54F008F1748 /* NSDateFormatter+Ninchat.h */; };
		49118961214BE54F008F1748 /* NSDateFormatter+Ninchat.m in Sources */ = {isa = PBXBuildFile; fileRef = 4911895F214BE54F008F1748 /* NSDateFormatter+Ninchat.m */; };
		49140B7020F2494800A00EA8 /* NINSessionManager.h in Headers */ = {isa = PBXBuildFile; fileRef = 49140B6E20F2494800A00EA8 /* NINSessionManager.h */; };
		49140B7120F2494800A00EA8 /* NINSessionManager.m in Sources */ = {isa = PBXBuildFile; fileRef = 49140B6F20F2494800A00EA8 /* NINSessionManager.m */; };
		49140B7220F2494800A00EA8 /* NINSessionManager.m in Sources */ = {isa = PBXBuildFile; fileRef = 49140B6F20F2494800A00EA8 /* NINSessionManager.m */; };
		49140B7620F2748800A00EA8 /* NINChannelMessage.h in Headers */ = {isa = PBXBuildFile; fileRef = 49140B7420F2748800A00EA8 /* NINChannelMessage.h */; };
		49140B7720F2748800A00EA8 /* NINChannelMessage.m in Sources */ = {isa = PBXBuildFile; fileRef = 49140B7520F2748800A00EA8 /* NINChannelMessage.m */; };
		49140B7820F2748800A00EA8 /* NINChannelMessage.m in Sources */ = {isa = PBXBuildFile; fileRef = 49140B7520F2748800A00EA8 /* NINChannelMessage.m */; };
		49140B7D20F27BC900A00EA8 /* NINPrivateTypes.h in Headers */ = {isa = PBXBuildFile; fileRef = 49140B7C20F27BC900A00EA8 /* NINPrivateTypes.h */; };
		49140B8120F28BE000A00EA8 /* NINChatViewController.h in Headers */ = {isa = PBXBuildFile; fileRef = 49140B7F20F28BE000A00EA8 /* NINChatViewController.h */; };
		49140B8220F28BE000A00EA8 /* NINChatViewController.m in Sources */ = {isa = PBXBuildFile; fileRef = 49140B8020F28BE000A00EA8 /* NINChatViewController.m */; };
		49140B8320F28BE000A00EA8 /* NINChatViewController.m in Sources */ = {isa = PBXBuildFile; fileRef = 49140B8020F28BE000A00EA8 /* NINChatViewController.m */; };
		49140B8720F395A700A00EA8 /* NINQueueViewController.h in Headers */ = {isa = PBXBuildFile; fileRef = 49140B8520F395A700A00EA8 /* NINQueueViewController.h */; };
		49140B8820F395A700A00EA8 /* NINQueueViewController.m in Sources */ = {isa = PBXBuildFile; fileRef = 49140B8620F395A700A00EA8 /* NINQueueViewController.m */; };
		49140B8920F395A700A00EA8 /* NINQueueViewController.m in Sources */ = {isa = PBXBuildFile; fileRef = 49140B8620F395A700A00EA8 /* NINQueueViewController.m */; };
		49140B8E20F4BFA000A00EA8 /* NINNavigationBar.h in Headers */ = {isa = PBXBuildFile; fileRef = 49140B8C20F4BFA000A00EA8 /* NINNavigationBar.h */; };
		49140B8F20F4BFA000A00EA8 /* NINNavigationBar.m in Sources */ = {isa = PBXBuildFile; fileRef = 49140B8D20F4BFA000A00EA8 /* NINNavigationBar.m */; };
		49140B9020F4BFA000A00EA8 /* NINNavigationBar.m in Sources */ = {isa = PBXBuildFile; fileRef = 49140B8D20F4BFA000A00EA8 /* NINNavigationBar.m */; };
		49140B9220F4BFB800A00EA8 /* NINNavigationBar.xib in Resources */ = {isa = PBXBuildFile; fileRef = 49140B9120F4BFB800A00EA8 /* NINNavigationBar.xib */; };
		49140B9320F4BFB800A00EA8 /* NINNavigationBar.xib in Resources */ = {isa = PBXBuildFile; fileRef = 49140B9120F4BFB800A00EA8 /* NINNavigationBar.xib */; };
		49140B9520F4C04A00A00EA8 /* Media.xcassets in Resources */ = {isa = PBXBuildFile; fileRef = 49140B9420F4C04A00A00EA8 /* Media.xcassets */; };
		49140B9620F4C04A00A00EA8 /* Media.xcassets in Resources */ = {isa = PBXBuildFile; fileRef = 49140B9420F4C04A00A00EA8 /* Media.xcassets */; };
		493044182158D37700DECB0C /* NINChatMessage.h in Headers */ = {isa = PBXBuildFile; fileRef = 493044172158D37700DECB0C /* NINChatMessage.h */; };
		4930441B2158D90700DECB0C /* NINChatMetaMessage.h in Headers */ = {isa = PBXBuildFile; fileRef = 493044192158D90700DECB0C /* NINChatMetaMessage.h */; };
		4930441C2158D90700DECB0C /* NINChatMetaMessage.m in Sources */ = {isa = PBXBuildFile; fileRef = 4930441A2158D90700DECB0C /* NINChatMetaMessage.m */; };
		4930441F2158DD4E00DECB0C /* NINChatMetaCell.h in Headers */ = {isa = PBXBuildFile; fileRef = 4930441D2158DD4E00DECB0C /* NINChatMetaCell.h */; };
		493044202158DD4E00DECB0C /* NINChatMetaCell.m in Sources */ = {isa = PBXBuildFile; fileRef = 4930441E2158DD4E00DECB0C /* NINChatMetaCell.m */; };
		493044222158DD5F00DECB0C /* NINChatMetaCell.xib in Resources */ = {isa = PBXBuildFile; fileRef = 493044212158DD5F00DECB0C /* NINChatMetaCell.xib */; };
		494330C7213FB3B5006E2C9C /* NINVideoCallConsentDialog.h in Headers */ = {isa = PBXBuildFile; fileRef = 494330C5213FB3B5006E2C9C /* NINVideoCallConsentDialog.h */; };
		494330C8213FB3B5006E2C9C /* NINVideoCallConsentDialog.m in Sources */ = {isa = PBXBuildFile; fileRef = 494330C6213FB3B5006E2C9C /* NINVideoCallConsentDialog.m */; };
		494330CA213FB43C006E2C9C /* NINVideoCallConsentDialog.xib in Resources */ = {isa = PBXBuildFile; fileRef = 494330C9213FB43C006E2C9C /* NINVideoCallConsentDialog.xib */; };
		494330D8213FBECD006E2C9C /* SourceSansPro-Bold.ttf in Resources */ = {isa = PBXBuildFile; fileRef = 494330CC213FBECB006E2C9C /* SourceSansPro-Bold.ttf */; };
		494330D9213FBECD006E2C9C /* SourceSansPro-Light.ttf in Resources */ = {isa = PBXBuildFile; fileRef = 494330CD213FBECC006E2C9C /* SourceSansPro-Light.ttf */; };
		494330DA213FBECD006E2C9C /* SourceSansPro-Italic.ttf in Resources */ = {isa = PBXBuildFile; fileRef = 494330CE213FBECC006E2C9C /* SourceSansPro-Italic.ttf */; };
		494330DB213FBECD006E2C9C /* SourceSansPro-LightItalic.ttf in Resources */ = {isa = PBXBuildFile; fileRef = 494330CF213FBECC006E2C9C /* SourceSansPro-LightItalic.ttf */; };
		494330DC213FBECD006E2C9C /* SourceSansPro-BlackItalic.ttf in Resources */ = {isa = PBXBuildFile; fileRef = 494330D0213FBECC006E2C9C /* SourceSansPro-BlackItalic.ttf */; };
		494330DD213FBECD006E2C9C /* SourceSansPro-Black.ttf in Resources */ = {isa = PBXBuildFile; fileRef = 494330D1213FBECC006E2C9C /* SourceSansPro-Black.ttf */; };
		494330DE213FBECD006E2C9C /* SourceSansPro-ExtraLight.ttf in Resources */ = {isa = PBXBuildFile; fileRef = 494330D2213FBECC006E2C9C /* SourceSansPro-ExtraLight.ttf */; };
		494330DF213FBECD006E2C9C /* SourceSansPro-BoldItalic.ttf in Resources */ = {isa = PBXBuildFile; fileRef = 494330D3213FBECC006E2C9C /* SourceSansPro-BoldItalic.ttf */; };
		494330E0213FBECD006E2C9C /* SourceSansPro-ExtraLightItalic.ttf in Resources */ = {isa = PBXBuildFile; fileRef = 494330D4213FBECC006E2C9C /* SourceSansPro-ExtraLightItalic.ttf */; };
		494330E1213FBECD006E2C9C /* SourceSansPro-SemiBoldItalic.ttf in Resources */ = {isa = PBXBuildFile; fileRef = 494330D5213FBECC006E2C9C /* SourceSansPro-SemiBoldItalic.ttf */; };
		494330E2213FBECD006E2C9C /* SourceSansPro-Regular.ttf in Resources */ = {isa = PBXBuildFile; fileRef = 494330D6213FBECD006E2C9C /* SourceSansPro-Regular.ttf */; };
		494330E3213FBECD006E2C9C /* SourceSansPro-SemiBold.ttf in Resources */ = {isa = PBXBuildFile; fileRef = 494330D7213FBECD006E2C9C /* SourceSansPro-SemiBold.ttf */; };
		495762A220EE1AE000BC39A8 /* NINUtils.m in Sources */ = {isa = PBXBuildFile; fileRef = 495762A120EE1AE000BC39A8 /* NINUtils.m */; };
		495762A320EE1AE000BC39A8 /* NINUtils.m in Sources */ = {isa = PBXBuildFile; fileRef = 495762A120EE1AE000BC39A8 /* NINUtils.m */; };
		49622FAD214FCD3700570D59 /* NINFileInfo.h in Headers */ = {isa = PBXBuildFile; fileRef = 49622FAB214FCD3700570D59 /* NINFileInfo.h */; };
		49622FAE214FCD3700570D59 /* NINFileInfo.m in Sources */ = {isa = PBXBuildFile; fileRef = 49622FAC214FCD3700570D59 /* NINFileInfo.m */; };
		496230142153E94800570D59 /* Libjingle.framework in Frameworks */ = {isa = PBXBuildFile; fileRef = 496230132153E94800570D59 /* Libjingle.framework */; };
		496230162153EC2F00570D59 /* libstdc++.tbd in Frameworks */ = {isa = PBXBuildFile; fileRef = 496230152153EC2F00570D59 /* libstdc++.tbd */; };
		496230182153EC4A00570D59 /* VideoToolbox.framework in Frameworks */ = {isa = PBXBuildFile; fileRef = 496230172153EC4A00570D59 /* VideoToolbox.framework */; };
		496230192153ED6300570D59 /* NINPublicTypes.h in Headers */ = {isa = PBXBuildFile; fileRef = 49140B7320F267EE00A00EA8 /* NINPublicTypes.h */; settings = {ATTRIBUTES = (Public, ); }; };
		496F1EAC2164F3A5006CF321 /* UIButton+Ninchat.h in Headers */ = {isa = PBXBuildFile; fileRef = 496F1EAA2164F3A5006CF321 /* UIButton+Ninchat.h */; };
		496F1EAD2164F3A5006CF321 /* UIButton+Ninchat.m in Sources */ = {isa = PBXBuildFile; fileRef = 496F1EAB2164F3A5006CF321 /* UIButton+Ninchat.m */; };
		496F1EB121660FEF006CF321 /* NINExpandingTextView.h in Headers */ = {isa = PBXBuildFile; fileRef = 496F1EAF21660FEF006CF321 /* NINExpandingTextView.h */; };
		496F1EB221660FEF006CF321 /* NINExpandingTextView.m in Sources */ = {isa = PBXBuildFile; fileRef = 496F1EB021660FEF006CF321 /* NINExpandingTextView.m */; };
		496F1EB621663159006CF321 /* NINChoiceDialog.h in Headers */ = {isa = PBXBuildFile; fileRef = 496F1EB421663159006CF321 /* NINChoiceDialog.h */; };
		496F1EB721663159006CF321 /* NINChoiceDialog.m in Sources */ = {isa = PBXBuildFile; fileRef = 496F1EB521663159006CF321 /* NINChoiceDialog.m */; };
		496F1EB92166316C006CF321 /* NINChoiceDialog.xib in Resources */ = {isa = PBXBuildFile; fileRef = 496F1EB82166316C006CF321 /* NINChoiceDialog.xib */; };
		496F1EBC21663205006CF321 /* NINChoiceDialogRow.h in Headers */ = {isa = PBXBuildFile; fileRef = 496F1EBA21663205006CF321 /* NINChoiceDialogRow.h */; };
		496F1EBD21663205006CF321 /* NINChoiceDialogRow.m in Sources */ = {isa = PBXBuildFile; fileRef = 496F1EBB21663205006CF321 /* NINChoiceDialogRow.m */; };
		496F1EBF21663211006CF321 /* NINChoiceDialogRow.xib in Resources */ = {isa = PBXBuildFile; fileRef = 496F1EBE21663211006CF321 /* NINChoiceDialogRow.xib */; };
		496F85F22137DD43001FD1C4 /* NINChannelUser.h in Headers */ = {isa = PBXBuildFile; fileRef = 496F85F02137DD43001FD1C4 /* NINChannelUser.h */; };
		496F85F32137DD43001FD1C4 /* NINChannelUser.m in Sources */ = {isa = PBXBuildFile; fileRef = 496F85F12137DD43001FD1C4 /* NINChannelUser.m */; };
		496F85F6213838E7001FD1C4 /* NINTouchView.h in Headers */ = {isa = PBXBuildFile; fileRef = 496F85F4213838E7001FD1C4 /* NINTouchView.h */; };
		496F85F7213838E7001FD1C4 /* NINTouchView.m in Sources */ = {isa = PBXBuildFile; fileRef = 496F85F5213838E7001FD1C4 /* NINTouchView.m */; };
		49721CC72122F70500695F33 /* NINWebRTCClient.h in Headers */ = {isa = PBXBuildFile; fileRef = 49721CC52122F70500695F33 /* NINWebRTCClient.h */; };
		49721CC82122F70500695F33 /* NINWebRTCClient.m in Sources */ = {isa = PBXBuildFile; fileRef = 49721CC62122F70500695F33 /* NINWebRTCClient.m */; };
		49721CCB2122F87B00695F33 /* NINWebRTCServerInfo.h in Headers */ = {isa = PBXBuildFile; fileRef = 49721CC92122F87B00695F33 /* NINWebRTCServerInfo.h */; };
		49721CCC2122F87B00695F33 /* NINWebRTCServerInfo.m in Sources */ = {isa = PBXBuildFile; fileRef = 49721CCA2122F87B00695F33 /* NINWebRTCServerInfo.m */; };
		49721CD121295AEA00695F33 /* NINChatView.h in Headers */ = {isa = PBXBuildFile; fileRef = 49721CCF21295AE900695F33 /* NINChatView.h */; };
		49721CD221295AEA00695F33 /* NINChatView.m in Sources */ = {isa = PBXBuildFile; fileRef = 49721CD021295AEA00695F33 /* NINChatView.m */; };
		49721CD421295B0300695F33 /* NINChatView.xib in Resources */ = {isa = PBXBuildFile; fileRef = 49721CD321295B0300695F33 /* NINChatView.xib */; };
		49721CD721295C7F00695F33 /* NINChatBubbleCell.h in Headers */ = {isa = PBXBuildFile; fileRef = 49721CD521295C7F00695F33 /* NINChatBubbleCell.h */; };
		49721CD821295C7F00695F33 /* NINChatBubbleCell.m in Sources */ = {isa = PBXBuildFile; fileRef = 49721CD621295C7F00695F33 /* NINChatBubbleCell.m */; };
		49721CDA21295CC000695F33 /* NINChatBubbleCell.xib in Resources */ = {isa = PBXBuildFile; fileRef = 49721CD921295CC000695F33 /* NINChatBubbleCell.xib */; };
		49721CDE212AF84200695F33 /* RTCSessionDescription+Dictionary.h in Headers */ = {isa = PBXBuildFile; fileRef = 49721CDC212AF84200695F33 /* RTCSessionDescription+Dictionary.h */; };
		49721CDF212AF84200695F33 /* RTCSessionDescription+Dictionary.m in Sources */ = {isa = PBXBuildFile; fileRef = 49721CDD212AF84200695F33 /* RTCSessionDescription+Dictionary.m */; };
		49721CE2212AFBBB00695F33 /* RTCICECandidate+Dictionary.h in Headers */ = {isa = PBXBuildFile; fileRef = 49721CE0212AFBBB00695F33 /* RTCICECandidate+Dictionary.h */; };
		49721CE3212AFBBB00695F33 /* RTCICECandidate+Dictionary.m in Sources */ = {isa = PBXBuildFile; fileRef = 49721CE1212AFBBB00695F33 /* RTCICECandidate+Dictionary.m */; };
		497C4ED9214A8D060090C5E6 /* NINCloseChatButton.h in Headers */ = {isa = PBXBuildFile; fileRef = 497C4ED7214A8D060090C5E6 /* NINCloseChatButton.h */; };
		497C4EDA214A8D060090C5E6 /* NINCloseChatButton.m in Sources */ = {isa = PBXBuildFile; fileRef = 497C4ED8214A8D060090C5E6 /* NINCloseChatButton.m */; };
		497C4EDC214A8D170090C5E6 /* NINCloseChatButton.xib in Resources */ = {isa = PBXBuildFile; fileRef = 497C4EDB214A8D170090C5E6 /* NINCloseChatButton.xib */; };
		4986E5A921A573ED00104CD4 /* NINPermissions.h in Headers */ = {isa = PBXBuildFile; fileRef = 4986E5A721A573ED00104CD4 /* NINPermissions.h */; };
		4986E5AA21A573ED00104CD4 /* NINPermissions.m in Sources */ = {isa = PBXBuildFile; fileRef = 4986E5A821A573ED00104CD4 /* NINPermissions.m */; };
		4994435F208DF33400101DCA /* NinchatSDK.framework in Frameworks */ = {isa = PBXBuildFile; fileRef = 49944355208DF33400101DCA /* NinchatSDK.framework */; };
		49944364208DF33400101DCA /* NinchatSDKTests.m in Sources */ = {isa = PBXBuildFile; fileRef = 49944363208DF33400101DCA /* NinchatSDKTests.m */; };
		49944366208DF33400101DCA /* NinchatSDK.h in Headers */ = {isa = PBXBuildFile; fileRef = 49944358208DF33400101DCA /* NinchatSDK.h */; settings = {ATTRIBUTES = (Public, ); }; };
		499443B4208F320700101DCA /* NINChatSession.h in Headers */ = {isa = PBXBuildFile; fileRef = 499443B2208F320700101DCA /* NINChatSession.h */; settings = {ATTRIBUTES = (Public, ); }; };
		499443B5208F320700101DCA /* NINChatSession.m in Sources */ = {isa = PBXBuildFile; fileRef = 499443B3208F320700101DCA /* NINChatSession.m */; };
		499443B6208F320700101DCA /* NINChatSession.m in Sources */ = {isa = PBXBuildFile; fileRef = 499443B3208F320700101DCA /* NINChatSession.m */; };
		499443BF208F475200101DCA /* Chat.storyboard in Resources */ = {isa = PBXBuildFile; fileRef = 499443BE208F475200101DCA /* Chat.storyboard */; };
		499443C2208F47EA00101DCA /* NINInitialViewController.h in Headers */ = {isa = PBXBuildFile; fileRef = 499443C0208F47EA00101DCA /* NINInitialViewController.h */; };
		499443C3208F47EA00101DCA /* NINInitialViewController.m in Sources */ = {isa = PBXBuildFile; fileRef = 499443C1208F47EA00101DCA /* NINInitialViewController.m */; };
		49B699C02155550100E6C83D /* NinchatLowLevelClient.podspec in Resources */ = {isa = PBXBuildFile; fileRef = 49B699BF2155550100E6C83D /* NinchatLowLevelClient.podspec */; };
		49B699C3215625E200E6C83D /* NSMutableAttributedString+Ninchat.h in Headers */ = {isa = PBXBuildFile; fileRef = 49B699C1215625E200E6C83D /* NSMutableAttributedString+Ninchat.h */; };
		49B699C4215625E200E6C83D /* NSMutableAttributedString+Ninchat.m in Sources */ = {isa = PBXBuildFile; fileRef = 49B699C2215625E200E6C83D /* NSMutableAttributedString+Ninchat.m */; };
		49B699CB2156312000E6C83D /* NSString+Ninchat.m in Sources */ = {isa = PBXBuildFile; fileRef = 49B699C92156312000E6C83D /* NSString+Ninchat.m */; };
		49CD0777215CB18D00046AB9 /* NSString+Ninchat.m in Sources */ = {isa = PBXBuildFile; fileRef = 49B699C92156312000E6C83D /* NSString+Ninchat.m */; };
		49CD0778215CB1A700046AB9 /* NSString+Ninchat.h in Headers */ = {isa = PBXBuildFile; fileRef = 49B699C82156312000E6C83D /* NSString+Ninchat.h */; };
		49CD077B215CD4AD00046AB9 /* NINUserTypingMessage.h in Headers */ = {isa = PBXBuildFile; fileRef = 49CD0779215CD4AD00046AB9 /* NINUserTypingMessage.h */; };
		49CD077C215CD4AD00046AB9 /* NINUserTypingMessage.m in Sources */ = {isa = PBXBuildFile; fileRef = 49CD077A215CD4AD00046AB9 /* NINUserTypingMessage.m */; };
		49CD0780216205C600046AB9 /* NINVideoThumbnailManager.h in Headers */ = {isa = PBXBuildFile; fileRef = 49CD077E216205C600046AB9 /* NINVideoThumbnailManager.h */; };
		49CD0781216205C600046AB9 /* NINVideoThumbnailManager.m in Sources */ = {isa = PBXBuildFile; fileRef = 49CD077F216205C600046AB9 /* NINVideoThumbnailManager.m */; };
		49D77F2021563EBA00900224 /* NSString+NinchatTests.m in Sources */ = {isa = PBXBuildFile; fileRef = 49D77F1F21563EBA00900224 /* NSString+NinchatTests.m */; };
		49D77F2121563F9E00900224 /* Libjingle.framework in Frameworks */ = {isa = PBXBuildFile; fileRef = 496230132153E94800570D59 /* Libjingle.framework */; };
		49D77F2221563FA900900224 /* libstdc++.tbd in Frameworks */ = {isa = PBXBuildFile; fileRef = 496230152153EC2F00570D59 /* libstdc++.tbd */; };
		49D77F2321563FAC00900224 /* VideoToolbox.framework in Frameworks */ = {isa = PBXBuildFile; fileRef = 496230172153EC4A00570D59 /* VideoToolbox.framework */; };
		49D77F262156497600900224 /* UITextView+Ninchat.h in Headers */ = {isa = PBXBuildFile; fileRef = 49D77F242156497600900224 /* UITextView+Ninchat.h */; };
		49D77F272156497600900224 /* UITextView+Ninchat.m in Sources */ = {isa = PBXBuildFile; fileRef = 49D77F252156497600900224 /* UITextView+Ninchat.m */; };
		49D77F2B215651DE00900224 /* NINFullScreenImageViewController.h in Headers */ = {isa = PBXBuildFile; fileRef = 49D77F29215651DE00900224 /* NINFullScreenImageViewController.h */; };
		49D77F2C215651DE00900224 /* NINFullScreenImageViewController.m in Sources */ = {isa = PBXBuildFile; fileRef = 49D77F2A215651DE00900224 /* NINFullScreenImageViewController.m */; };
		49D77F2F21566E5700900224 /* UIImageView+Ninchat.h in Headers */ = {isa = PBXBuildFile; fileRef = 49D77F2D21566E5700900224 /* UIImageView+Ninchat.h */; };
		49D77F3021566E5700900224 /* UIImageView+Ninchat.m in Sources */ = {isa = PBXBuildFile; fileRef = 49D77F2E21566E5700900224 /* UIImageView+Ninchat.m */; };
		49D77F3421569C0400900224 /* NINToast.h in Headers */ = {isa = PBXBuildFile; fileRef = 49D77F3221569C0400900224 /* NINToast.h */; };
		49D77F3521569C0400900224 /* NINToast.m in Sources */ = {isa = PBXBuildFile; fileRef = 49D77F3321569C0400900224 /* NINToast.m */; };
		49D77F3721569CBF00900224 /* NINToast.xib in Resources */ = {isa = PBXBuildFile; fileRef = 49D77F3621569CBF00900224 /* NINToast.xib */; };
		49F5FA2420F4E89A00A4A526 /* NINBaseViewController.h in Headers */ = {isa = PBXBuildFile; fileRef = 49F5FA2220F4E89A00A4A526 /* NINBaseViewController.h */; };
		49F5FA2520F4E89A00A4A526 /* NINBaseViewController.m in Sources */ = {isa = PBXBuildFile; fileRef = 49F5FA2320F4E89A00A4A526 /* NINBaseViewController.m */; };
		49F5FA2620F4E89A00A4A526 /* NINBaseViewController.m in Sources */ = {isa = PBXBuildFile; fileRef = 49F5FA2320F4E89A00A4A526 /* NINBaseViewController.m */; };
		49F5FA3420F775FF00A4A526 /* NINClientPropsParser.m in Sources */ = {isa = PBXBuildFile; fileRef = 49F5FA3220F775FF00A4A526 /* NINClientPropsParser.m */; };
		49F5FA3520F775FF00A4A526 /* NINClientPropsParser.m in Sources */ = {isa = PBXBuildFile; fileRef = 49F5FA3220F775FF00A4A526 /* NINClientPropsParser.m */; };
		49F5FA3620F775FF00A4A526 /* NINClientPropsParser.h in Headers */ = {isa = PBXBuildFile; fileRef = 49F5FA3320F775FF00A4A526 /* NINClientPropsParser.h */; };
		49F5FA3920F781D600A4A526 /* NINQueue.h in Headers */ = {isa = PBXBuildFile; fileRef = 49F5FA3720F781D600A4A526 /* NINQueue.h */; };
		49F5FA3A20F781D600A4A526 /* NINQueue.m in Sources */ = {isa = PBXBuildFile; fileRef = 49F5FA3820F781D600A4A526 /* NINQueue.m */; };
		49F5FA3B20F781D600A4A526 /* NINQueue.m in Sources */ = {isa = PBXBuildFile; fileRef = 49F5FA3820F781D600A4A526 /* NINQueue.m */; };
		49F5FA3F20F8CF6B00A4A526 /* NINRatingViewController.h in Headers */ = {isa = PBXBuildFile; fileRef = 49F5FA3D20F8CF6B00A4A526 /* NINRatingViewController.h */; };
		49F5FA4020F8CF6B00A4A526 /* NINRatingViewController.m in Sources */ = {isa = PBXBuildFile; fileRef = 49F5FA3E20F8CF6B00A4A526 /* NINRatingViewController.m */; };
		49F5FA4120F8CF6B00A4A526 /* NINRatingViewController.m in Sources */ = {isa = PBXBuildFile; fileRef = 49F5FA3E20F8CF6B00A4A526 /* NINRatingViewController.m */; };
		7EA5647BD4220552EE115E16 /* Pods_NinchatSDKTests.framework in Frameworks */ = {isa = PBXBuildFile; fileRef = CA3047E6C0F0E96D595DED5B /* Pods_NinchatSDKTests.framework */; };
/* End PBXBuildFile section */

/* Begin PBXContainerItemProxy section */
		49944360208DF33400101DCA /* PBXContainerItemProxy */ = {
			isa = PBXContainerItemProxy;
			containerPortal = 4994434C208DF33400101DCA /* Project object */;
			proxyType = 1;
			remoteGlobalIDString = 49944354208DF33400101DCA;
			remoteInfo = NinchatSDK;
		};
/* End PBXContainerItemProxy section */

/* Begin PBXFileReference section */
		079C11273990681ACED0C21B /* Pods-NinchatSDKTests.debug.xcconfig */ = {isa = PBXFileReference; includeInIndex = 1; lastKnownFileType = text.xcconfig; name = "Pods-NinchatSDKTests.debug.xcconfig"; path = "Pods/Target Support Files/Pods-NinchatSDKTests/Pods-NinchatSDKTests.debug.xcconfig"; sourceTree = "<group>"; };
		4911895A214B9B14008F1748 /* NINChatSession+Internal.h */ = {isa = PBXFileReference; lastKnownFileType = sourcecode.c.h; path = "NINChatSession+Internal.h"; sourceTree = "<group>"; };
		4911895B214B9B14008F1748 /* NINChatSession+Internal.m */ = {isa = PBXFileReference; lastKnownFileType = sourcecode.c.objc; path = "NINChatSession+Internal.m"; sourceTree = "<group>"; };
		4911895E214BE54F008F1748 /* NSDateFormatter+Ninchat.h */ = {isa = PBXFileReference; lastKnownFileType = sourcecode.c.h; path = "NSDateFormatter+Ninchat.h"; sourceTree = "<group>"; };
		4911895F214BE54F008F1748 /* NSDateFormatter+Ninchat.m */ = {isa = PBXFileReference; lastKnownFileType = sourcecode.c.objc; path = "NSDateFormatter+Ninchat.m"; sourceTree = "<group>"; };
		49140B6E20F2494800A00EA8 /* NINSessionManager.h */ = {isa = PBXFileReference; lastKnownFileType = sourcecode.c.h; path = NINSessionManager.h; sourceTree = "<group>"; };
		49140B6F20F2494800A00EA8 /* NINSessionManager.m */ = {isa = PBXFileReference; lastKnownFileType = sourcecode.c.objc; path = NINSessionManager.m; sourceTree = "<group>"; };
		49140B7320F267EE00A00EA8 /* NINPublicTypes.h */ = {isa = PBXFileReference; lastKnownFileType = sourcecode.c.h; path = NINPublicTypes.h; sourceTree = "<group>"; };
		49140B7420F2748800A00EA8 /* NINChannelMessage.h */ = {isa = PBXFileReference; lastKnownFileType = sourcecode.c.h; path = NINChannelMessage.h; sourceTree = "<group>"; };
		49140B7520F2748800A00EA8 /* NINChannelMessage.m */ = {isa = PBXFileReference; lastKnownFileType = sourcecode.c.objc; path = NINChannelMessage.m; sourceTree = "<group>"; };
		49140B7C20F27BC900A00EA8 /* NINPrivateTypes.h */ = {isa = PBXFileReference; fileEncoding = 4; lastKnownFileType = sourcecode.c.h; path = NINPrivateTypes.h; sourceTree = "<group>"; };
		49140B7F20F28BE000A00EA8 /* NINChatViewController.h */ = {isa = PBXFileReference; lastKnownFileType = sourcecode.c.h; path = NINChatViewController.h; sourceTree = "<group>"; };
		49140B8020F28BE000A00EA8 /* NINChatViewController.m */ = {isa = PBXFileReference; lastKnownFileType = sourcecode.c.objc; path = NINChatViewController.m; sourceTree = "<group>"; };
		49140B8520F395A700A00EA8 /* NINQueueViewController.h */ = {isa = PBXFileReference; lastKnownFileType = sourcecode.c.h; path = NINQueueViewController.h; sourceTree = "<group>"; };
		49140B8620F395A700A00EA8 /* NINQueueViewController.m */ = {isa = PBXFileReference; lastKnownFileType = sourcecode.c.objc; path = NINQueueViewController.m; sourceTree = "<group>"; };
		49140B8C20F4BFA000A00EA8 /* NINNavigationBar.h */ = {isa = PBXFileReference; lastKnownFileType = sourcecode.c.h; path = NINNavigationBar.h; sourceTree = "<group>"; };
		49140B8D20F4BFA000A00EA8 /* NINNavigationBar.m */ = {isa = PBXFileReference; lastKnownFileType = sourcecode.c.objc; path = NINNavigationBar.m; sourceTree = "<group>"; };
		49140B9120F4BFB800A00EA8 /* NINNavigationBar.xib */ = {isa = PBXFileReference; lastKnownFileType = file.xib; path = NINNavigationBar.xib; sourceTree = "<group>"; };
		49140B9420F4C04A00A00EA8 /* Media.xcassets */ = {isa = PBXFileReference; lastKnownFileType = folder.assetcatalog; path = Media.xcassets; sourceTree = "<group>"; };
		491D5A1D20CFD31B003E2EE9 /* Podfile */ = {isa = PBXFileReference; fileEncoding = 4; lastKnownFileType = text; path = Podfile; sourceTree = "<group>"; xcLanguageSpecificationIdentifier = xcode.lang.ruby; };
		493044172158D37700DECB0C /* NINChatMessage.h */ = {isa = PBXFileReference; lastKnownFileType = sourcecode.c.h; path = NINChatMessage.h; sourceTree = "<group>"; };
		493044192158D90700DECB0C /* NINChatMetaMessage.h */ = {isa = PBXFileReference; lastKnownFileType = sourcecode.c.h; path = NINChatMetaMessage.h; sourceTree = "<group>"; };
		4930441A2158D90700DECB0C /* NINChatMetaMessage.m */ = {isa = PBXFileReference; lastKnownFileType = sourcecode.c.objc; path = NINChatMetaMessage.m; sourceTree = "<group>"; };
		4930441D2158DD4E00DECB0C /* NINChatMetaCell.h */ = {isa = PBXFileReference; lastKnownFileType = sourcecode.c.h; path = NINChatMetaCell.h; sourceTree = "<group>"; };
		4930441E2158DD4E00DECB0C /* NINChatMetaCell.m */ = {isa = PBXFileReference; lastKnownFileType = sourcecode.c.objc; path = NINChatMetaCell.m; sourceTree = "<group>"; };
		493044212158DD5F00DECB0C /* NINChatMetaCell.xib */ = {isa = PBXFileReference; lastKnownFileType = file.xib; path = NINChatMetaCell.xib; sourceTree = "<group>"; };
		494330C5213FB3B5006E2C9C /* NINVideoCallConsentDialog.h */ = {isa = PBXFileReference; lastKnownFileType = sourcecode.c.h; path = NINVideoCallConsentDialog.h; sourceTree = "<group>"; };
		494330C6213FB3B5006E2C9C /* NINVideoCallConsentDialog.m */ = {isa = PBXFileReference; lastKnownFileType = sourcecode.c.objc; path = NINVideoCallConsentDialog.m; sourceTree = "<group>"; };
		494330C9213FB43C006E2C9C /* NINVideoCallConsentDialog.xib */ = {isa = PBXFileReference; lastKnownFileType = file.xib; path = NINVideoCallConsentDialog.xib; sourceTree = "<group>"; };
		494330CC213FBECB006E2C9C /* SourceSansPro-Bold.ttf */ = {isa = PBXFileReference; lastKnownFileType = file; path = "SourceSansPro-Bold.ttf"; sourceTree = "<group>"; };
		494330CD213FBECC006E2C9C /* SourceSansPro-Light.ttf */ = {isa = PBXFileReference; lastKnownFileType = file; path = "SourceSansPro-Light.ttf"; sourceTree = "<group>"; };
		494330CE213FBECC006E2C9C /* SourceSansPro-Italic.ttf */ = {isa = PBXFileReference; lastKnownFileType = file; path = "SourceSansPro-Italic.ttf"; sourceTree = "<group>"; };
		494330CF213FBECC006E2C9C /* SourceSansPro-LightItalic.ttf */ = {isa = PBXFileReference; lastKnownFileType = file; path = "SourceSansPro-LightItalic.ttf"; sourceTree = "<group>"; };
		494330D0213FBECC006E2C9C /* SourceSansPro-BlackItalic.ttf */ = {isa = PBXFileReference; lastKnownFileType = file; path = "SourceSansPro-BlackItalic.ttf"; sourceTree = "<group>"; };
		494330D1213FBECC006E2C9C /* SourceSansPro-Black.ttf */ = {isa = PBXFileReference; lastKnownFileType = file; path = "SourceSansPro-Black.ttf"; sourceTree = "<group>"; };
		494330D2213FBECC006E2C9C /* SourceSansPro-ExtraLight.ttf */ = {isa = PBXFileReference; lastKnownFileType = file; path = "SourceSansPro-ExtraLight.ttf"; sourceTree = "<group>"; };
		494330D3213FBECC006E2C9C /* SourceSansPro-BoldItalic.ttf */ = {isa = PBXFileReference; lastKnownFileType = file; path = "SourceSansPro-BoldItalic.ttf"; sourceTree = "<group>"; };
		494330D4213FBECC006E2C9C /* SourceSansPro-ExtraLightItalic.ttf */ = {isa = PBXFileReference; lastKnownFileType = file; path = "SourceSansPro-ExtraLightItalic.ttf"; sourceTree = "<group>"; };
		494330D5213FBECC006E2C9C /* SourceSansPro-SemiBoldItalic.ttf */ = {isa = PBXFileReference; lastKnownFileType = file; path = "SourceSansPro-SemiBoldItalic.ttf"; sourceTree = "<group>"; };
		494330D6213FBECD006E2C9C /* SourceSansPro-Regular.ttf */ = {isa = PBXFileReference; lastKnownFileType = file; path = "SourceSansPro-Regular.ttf"; sourceTree = "<group>"; };
		494330D7213FBECD006E2C9C /* SourceSansPro-SemiBold.ttf */ = {isa = PBXFileReference; lastKnownFileType = file; path = "SourceSansPro-SemiBold.ttf"; sourceTree = "<group>"; };
		495762A020EE1AC700BC39A8 /* NINUtils.h */ = {isa = PBXFileReference; lastKnownFileType = sourcecode.c.h; path = NINUtils.h; sourceTree = "<group>"; };
		495762A120EE1AE000BC39A8 /* NINUtils.m */ = {isa = PBXFileReference; lastKnownFileType = sourcecode.c.objc; path = NINUtils.m; sourceTree = "<group>"; };
		49622FAB214FCD3700570D59 /* NINFileInfo.h */ = {isa = PBXFileReference; lastKnownFileType = sourcecode.c.h; path = NINFileInfo.h; sourceTree = "<group>"; };
		49622FAC214FCD3700570D59 /* NINFileInfo.m */ = {isa = PBXFileReference; lastKnownFileType = sourcecode.c.objc; path = NINFileInfo.m; sourceTree = "<group>"; };
		496230132153E94800570D59 /* Libjingle.framework */ = {isa = PBXFileReference; lastKnownFileType = wrapper.framework; path = Libjingle.framework; sourceTree = "<group>"; };
		496230152153EC2F00570D59 /* libstdc++.tbd */ = {isa = PBXFileReference; lastKnownFileType = "sourcecode.text-based-dylib-definition"; name = "libstdc++.tbd"; path = "usr/lib/libstdc++.tbd"; sourceTree = SDKROOT; };
		496230172153EC4A00570D59 /* VideoToolbox.framework */ = {isa = PBXFileReference; lastKnownFileType = wrapper.framework; name = VideoToolbox.framework; path = System/Library/Frameworks/VideoToolbox.framework; sourceTree = SDKROOT; };
		496F1EAA2164F3A5006CF321 /* UIButton+Ninchat.h */ = {isa = PBXFileReference; lastKnownFileType = sourcecode.c.h; path = "UIButton+Ninchat.h"; sourceTree = "<group>"; };
		496F1EAB2164F3A5006CF321 /* UIButton+Ninchat.m */ = {isa = PBXFileReference; lastKnownFileType = sourcecode.c.objc; path = "UIButton+Ninchat.m"; sourceTree = "<group>"; };
		496F1EAF21660FEF006CF321 /* NINExpandingTextView.h */ = {isa = PBXFileReference; lastKnownFileType = sourcecode.c.h; path = NINExpandingTextView.h; sourceTree = "<group>"; };
		496F1EB021660FEF006CF321 /* NINExpandingTextView.m */ = {isa = PBXFileReference; lastKnownFileType = sourcecode.c.objc; path = NINExpandingTextView.m; sourceTree = "<group>"; };
		496F1EB421663159006CF321 /* NINChoiceDialog.h */ = {isa = PBXFileReference; lastKnownFileType = sourcecode.c.h; path = NINChoiceDialog.h; sourceTree = "<group>"; };
		496F1EB521663159006CF321 /* NINChoiceDialog.m */ = {isa = PBXFileReference; lastKnownFileType = sourcecode.c.objc; path = NINChoiceDialog.m; sourceTree = "<group>"; };
		496F1EB82166316C006CF321 /* NINChoiceDialog.xib */ = {isa = PBXFileReference; lastKnownFileType = file.xib; path = NINChoiceDialog.xib; sourceTree = "<group>"; };
		496F1EBA21663205006CF321 /* NINChoiceDialogRow.h */ = {isa = PBXFileReference; lastKnownFileType = sourcecode.c.h; path = NINChoiceDialogRow.h; sourceTree = "<group>"; };
		496F1EBB21663205006CF321 /* NINChoiceDialogRow.m */ = {isa = PBXFileReference; lastKnownFileType = sourcecode.c.objc; path = NINChoiceDialogRow.m; sourceTree = "<group>"; };
		496F1EBE21663211006CF321 /* NINChoiceDialogRow.xib */ = {isa = PBXFileReference; lastKnownFileType = file.xib; path = NINChoiceDialogRow.xib; sourceTree = "<group>"; };
		496F85F02137DD43001FD1C4 /* NINChannelUser.h */ = {isa = PBXFileReference; lastKnownFileType = sourcecode.c.h; path = NINChannelUser.h; sourceTree = "<group>"; };
		496F85F12137DD43001FD1C4 /* NINChannelUser.m */ = {isa = PBXFileReference; lastKnownFileType = sourcecode.c.objc; path = NINChannelUser.m; sourceTree = "<group>"; };
		496F85F4213838E7001FD1C4 /* NINTouchView.h */ = {isa = PBXFileReference; lastKnownFileType = sourcecode.c.h; path = NINTouchView.h; sourceTree = "<group>"; };
		496F85F5213838E7001FD1C4 /* NINTouchView.m */ = {isa = PBXFileReference; lastKnownFileType = sourcecode.c.objc; path = NINTouchView.m; sourceTree = "<group>"; };
		49721CC52122F70500695F33 /* NINWebRTCClient.h */ = {isa = PBXFileReference; lastKnownFileType = sourcecode.c.h; path = NINWebRTCClient.h; sourceTree = "<group>"; };
		49721CC62122F70500695F33 /* NINWebRTCClient.m */ = {isa = PBXFileReference; lastKnownFileType = sourcecode.c.objc; path = NINWebRTCClient.m; sourceTree = "<group>"; };
		49721CC92122F87B00695F33 /* NINWebRTCServerInfo.h */ = {isa = PBXFileReference; lastKnownFileType = sourcecode.c.h; path = NINWebRTCServerInfo.h; sourceTree = "<group>"; };
		49721CCA2122F87B00695F33 /* NINWebRTCServerInfo.m */ = {isa = PBXFileReference; lastKnownFileType = sourcecode.c.objc; path = NINWebRTCServerInfo.m; sourceTree = "<group>"; };
		49721CCF21295AE900695F33 /* NINChatView.h */ = {isa = PBXFileReference; lastKnownFileType = sourcecode.c.h; path = NINChatView.h; sourceTree = "<group>"; };
		49721CD021295AEA00695F33 /* NINChatView.m */ = {isa = PBXFileReference; lastKnownFileType = sourcecode.c.objc; path = NINChatView.m; sourceTree = "<group>"; };
		49721CD321295B0300695F33 /* NINChatView.xib */ = {isa = PBXFileReference; lastKnownFileType = file.xib; path = NINChatView.xib; sourceTree = "<group>"; };
		49721CD521295C7F00695F33 /* NINChatBubbleCell.h */ = {isa = PBXFileReference; lastKnownFileType = sourcecode.c.h; path = NINChatBubbleCell.h; sourceTree = "<group>"; };
		49721CD621295C7F00695F33 /* NINChatBubbleCell.m */ = {isa = PBXFileReference; lastKnownFileType = sourcecode.c.objc; path = NINChatBubbleCell.m; sourceTree = "<group>"; };
		49721CD921295CC000695F33 /* NINChatBubbleCell.xib */ = {isa = PBXFileReference; lastKnownFileType = file.xib; path = NINChatBubbleCell.xib; sourceTree = "<group>"; };
		49721CDC212AF84200695F33 /* RTCSessionDescription+Dictionary.h */ = {isa = PBXFileReference; lastKnownFileType = sourcecode.c.h; path = "RTCSessionDescription+Dictionary.h"; sourceTree = "<group>"; };
		49721CDD212AF84200695F33 /* RTCSessionDescription+Dictionary.m */ = {isa = PBXFileReference; lastKnownFileType = sourcecode.c.objc; path = "RTCSessionDescription+Dictionary.m"; sourceTree = "<group>"; };
		49721CE0212AFBBB00695F33 /* RTCICECandidate+Dictionary.h */ = {isa = PBXFileReference; lastKnownFileType = sourcecode.c.h; path = "RTCICECandidate+Dictionary.h"; sourceTree = "<group>"; };
		49721CE1212AFBBB00695F33 /* RTCICECandidate+Dictionary.m */ = {isa = PBXFileReference; lastKnownFileType = sourcecode.c.objc; path = "RTCICECandidate+Dictionary.m"; sourceTree = "<group>"; };
		497C4ED7214A8D060090C5E6 /* NINCloseChatButton.h */ = {isa = PBXFileReference; lastKnownFileType = sourcecode.c.h; path = NINCloseChatButton.h; sourceTree = "<group>"; };
		497C4ED8214A8D060090C5E6 /* NINCloseChatButton.m */ = {isa = PBXFileReference; lastKnownFileType = sourcecode.c.objc; path = NINCloseChatButton.m; sourceTree = "<group>"; };
		497C4EDB214A8D170090C5E6 /* NINCloseChatButton.xib */ = {isa = PBXFileReference; lastKnownFileType = file.xib; path = NINCloseChatButton.xib; sourceTree = "<group>"; };
		4986E5A721A573ED00104CD4 /* NINPermissions.h */ = {isa = PBXFileReference; lastKnownFileType = sourcecode.c.h; path = NINPermissions.h; sourceTree = "<group>"; };
		4986E5A821A573ED00104CD4 /* NINPermissions.m */ = {isa = PBXFileReference; lastKnownFileType = sourcecode.c.objc; path = NINPermissions.m; sourceTree = "<group>"; };
		49944355208DF33400101DCA /* NinchatSDK.framework */ = {isa = PBXFileReference; explicitFileType = wrapper.framework; includeInIndex = 0; path = NinchatSDK.framework; sourceTree = BUILT_PRODUCTS_DIR; };
		49944358208DF33400101DCA /* NinchatSDK.h */ = {isa = PBXFileReference; lastKnownFileType = sourcecode.c.h; path = NinchatSDK.h; sourceTree = "<group>"; };
		49944359208DF33400101DCA /* Info.plist */ = {isa = PBXFileReference; lastKnownFileType = text.plist.xml; path = Info.plist; sourceTree = "<group>"; };
		4994435E208DF33400101DCA /* NinchatSDKTests.xctest */ = {isa = PBXFileReference; explicitFileType = wrapper.cfbundle; includeInIndex = 0; path = NinchatSDKTests.xctest; sourceTree = BUILT_PRODUCTS_DIR; };
		49944363208DF33400101DCA /* NinchatSDKTests.m */ = {isa = PBXFileReference; lastKnownFileType = sourcecode.c.objc; path = NinchatSDKTests.m; sourceTree = "<group>"; };
		49944365208DF33400101DCA /* Info.plist */ = {isa = PBXFileReference; lastKnownFileType = text.plist.xml; path = Info.plist; sourceTree = "<group>"; };
		49944372208E05DB00101DCA /* NinchatSDK.podspec */ = {isa = PBXFileReference; fileEncoding = 4; lastKnownFileType = text; path = NinchatSDK.podspec; sourceTree = "<group>"; xcLanguageSpecificationIdentifier = xcode.lang.ruby; };
		49944373208E05DB00101DCA /* README.md */ = {isa = PBXFileReference; fileEncoding = 4; lastKnownFileType = net.daringfireball.markdown; path = README.md; sourceTree = "<group>"; };
		49944374208E05DB00101DCA /* BUILDING.md */ = {isa = PBXFileReference; fileEncoding = 4; lastKnownFileType = net.daringfireball.markdown; path = BUILDING.md; sourceTree = "<group>"; };
		499443B2208F320700101DCA /* NINChatSession.h */ = {isa = PBXFileReference; lastKnownFileType = sourcecode.c.h; path = NINChatSession.h; sourceTree = "<group>"; };
		499443B3208F320700101DCA /* NINChatSession.m */ = {isa = PBXFileReference; lastKnownFileType = sourcecode.c.objc; path = NINChatSession.m; sourceTree = "<group>"; };
		499443BC208F37A300101DCA /* PrefixHeader.pch */ = {isa = PBXFileReference; lastKnownFileType = sourcecode.c.h; path = PrefixHeader.pch; sourceTree = "<group>"; };
		499443BE208F475200101DCA /* Chat.storyboard */ = {isa = PBXFileReference; lastKnownFileType = file.storyboard; path = Chat.storyboard; sourceTree = "<group>"; };
		499443C0208F47EA00101DCA /* NINInitialViewController.h */ = {isa = PBXFileReference; lastKnownFileType = sourcecode.c.h; path = NINInitialViewController.h; sourceTree = "<group>"; };
		499443C1208F47EA00101DCA /* NINInitialViewController.m */ = {isa = PBXFileReference; lastKnownFileType = sourcecode.c.objc; path = NINInitialViewController.m; sourceTree = "<group>"; };
		49B699BF2155550100E6C83D /* NinchatLowLevelClient.podspec */ = {isa = PBXFileReference; fileEncoding = 4; lastKnownFileType = text; path = NinchatLowLevelClient.podspec; sourceTree = "<group>"; };
		49B699C1215625E200E6C83D /* NSMutableAttributedString+Ninchat.h */ = {isa = PBXFileReference; lastKnownFileType = sourcecode.c.h; path = "NSMutableAttributedString+Ninchat.h"; sourceTree = "<group>"; };
		49B699C2215625E200E6C83D /* NSMutableAttributedString+Ninchat.m */ = {isa = PBXFileReference; lastKnownFileType = sourcecode.c.objc; path = "NSMutableAttributedString+Ninchat.m"; sourceTree = "<group>"; };
		49B699C82156312000E6C83D /* NSString+Ninchat.h */ = {isa = PBXFileReference; lastKnownFileType = sourcecode.c.h; path = "NSString+Ninchat.h"; sourceTree = "<group>"; };
		49B699C92156312000E6C83D /* NSString+Ninchat.m */ = {isa = PBXFileReference; lastKnownFileType = sourcecode.c.objc; path = "NSString+Ninchat.m"; sourceTree = "<group>"; };
		49CD0779215CD4AD00046AB9 /* NINUserTypingMessage.h */ = {isa = PBXFileReference; lastKnownFileType = sourcecode.c.h; path = NINUserTypingMessage.h; sourceTree = "<group>"; };
		49CD077A215CD4AD00046AB9 /* NINUserTypingMessage.m */ = {isa = PBXFileReference; lastKnownFileType = sourcecode.c.objc; path = NINUserTypingMessage.m; sourceTree = "<group>"; };
		49CD077E216205C600046AB9 /* NINVideoThumbnailManager.h */ = {isa = PBXFileReference; lastKnownFileType = sourcecode.c.h; path = NINVideoThumbnailManager.h; sourceTree = "<group>"; };
		49CD077F216205C600046AB9 /* NINVideoThumbnailManager.m */ = {isa = PBXFileReference; lastKnownFileType = sourcecode.c.objc; path = NINVideoThumbnailManager.m; sourceTree = "<group>"; };
		49D77F1F21563EBA00900224 /* NSString+NinchatTests.m */ = {isa = PBXFileReference; lastKnownFileType = sourcecode.c.objc; path = "NSString+NinchatTests.m"; sourceTree = "<group>"; };
		49D77F242156497600900224 /* UITextView+Ninchat.h */ = {isa = PBXFileReference; lastKnownFileType = sourcecode.c.h; path = "UITextView+Ninchat.h"; sourceTree = "<group>"; };
		49D77F252156497600900224 /* UITextView+Ninchat.m */ = {isa = PBXFileReference; lastKnownFileType = sourcecode.c.objc; path = "UITextView+Ninchat.m"; sourceTree = "<group>"; };
		49D77F29215651DE00900224 /* NINFullScreenImageViewController.h */ = {isa = PBXFileReference; lastKnownFileType = sourcecode.c.h; path = NINFullScreenImageViewController.h; sourceTree = "<group>"; };
		49D77F2A215651DE00900224 /* NINFullScreenImageViewController.m */ = {isa = PBXFileReference; lastKnownFileType = sourcecode.c.objc; path = NINFullScreenImageViewController.m; sourceTree = "<group>"; };
		49D77F2D21566E5700900224 /* UIImageView+Ninchat.h */ = {isa = PBXFileReference; lastKnownFileType = sourcecode.c.h; path = "UIImageView+Ninchat.h"; sourceTree = "<group>"; };
		49D77F2E21566E5700900224 /* UIImageView+Ninchat.m */ = {isa = PBXFileReference; lastKnownFileType = sourcecode.c.objc; path = "UIImageView+Ninchat.m"; sourceTree = "<group>"; };
		49D77F3221569C0400900224 /* NINToast.h */ = {isa = PBXFileReference; lastKnownFileType = sourcecode.c.h; path = NINToast.h; sourceTree = "<group>"; };
		49D77F3321569C0400900224 /* NINToast.m */ = {isa = PBXFileReference; lastKnownFileType = sourcecode.c.objc; path = NINToast.m; sourceTree = "<group>"; };
		49D77F3621569CBF00900224 /* NINToast.xib */ = {isa = PBXFileReference; lastKnownFileType = file.xib; path = NINToast.xib; sourceTree = "<group>"; };
		49F5FA2220F4E89A00A4A526 /* NINBaseViewController.h */ = {isa = PBXFileReference; lastKnownFileType = sourcecode.c.h; path = NINBaseViewController.h; sourceTree = "<group>"; };
		49F5FA2320F4E89A00A4A526 /* NINBaseViewController.m */ = {isa = PBXFileReference; lastKnownFileType = sourcecode.c.objc; path = NINBaseViewController.m; sourceTree = "<group>"; };
		49F5FA3220F775FF00A4A526 /* NINClientPropsParser.m */ = {isa = PBXFileReference; fileEncoding = 4; lastKnownFileType = sourcecode.c.objc; path = NINClientPropsParser.m; sourceTree = "<group>"; };
		49F5FA3320F775FF00A4A526 /* NINClientPropsParser.h */ = {isa = PBXFileReference; fileEncoding = 4; lastKnownFileType = sourcecode.c.h; path = NINClientPropsParser.h; sourceTree = "<group>"; };
		49F5FA3720F781D600A4A526 /* NINQueue.h */ = {isa = PBXFileReference; lastKnownFileType = sourcecode.c.h; path = NINQueue.h; sourceTree = "<group>"; };
		49F5FA3820F781D600A4A526 /* NINQueue.m */ = {isa = PBXFileReference; lastKnownFileType = sourcecode.c.objc; path = NINQueue.m; sourceTree = "<group>"; };
		49F5FA3D20F8CF6B00A4A526 /* NINRatingViewController.h */ = {isa = PBXFileReference; lastKnownFileType = sourcecode.c.h; path = NINRatingViewController.h; sourceTree = "<group>"; };
		49F5FA3E20F8CF6B00A4A526 /* NINRatingViewController.m */ = {isa = PBXFileReference; lastKnownFileType = sourcecode.c.objc; path = NINRatingViewController.m; sourceTree = "<group>"; };
		5317ED40D8AD5529D4109826 /* Pods_NinchatSDK.framework */ = {isa = PBXFileReference; explicitFileType = wrapper.framework; includeInIndex = 0; path = Pods_NinchatSDK.framework; sourceTree = BUILT_PRODUCTS_DIR; };
		A7F7699C7352569AF2E37C05 /* Pods-NinchatSDK.debug.xcconfig */ = {isa = PBXFileReference; includeInIndex = 1; lastKnownFileType = text.xcconfig; name = "Pods-NinchatSDK.debug.xcconfig"; path = "Pods/Target Support Files/Pods-NinchatSDK/Pods-NinchatSDK.debug.xcconfig"; sourceTree = "<group>"; };
		CA3047E6C0F0E96D595DED5B /* Pods_NinchatSDKTests.framework */ = {isa = PBXFileReference; explicitFileType = wrapper.framework; includeInIndex = 0; path = Pods_NinchatSDKTests.framework; sourceTree = BUILT_PRODUCTS_DIR; };
		CA92BA1DB07BD7F2E578990B /* Pods-NinchatSDKTests.release.xcconfig */ = {isa = PBXFileReference; includeInIndex = 1; lastKnownFileType = text.xcconfig; name = "Pods-NinchatSDKTests.release.xcconfig"; path = "Pods/Target Support Files/Pods-NinchatSDKTests/Pods-NinchatSDKTests.release.xcconfig"; sourceTree = "<group>"; };
		D14280DE86D0B4B6F519155F /* Pods-NinchatSDK.release.xcconfig */ = {isa = PBXFileReference; includeInIndex = 1; lastKnownFileType = text.xcconfig; name = "Pods-NinchatSDK.release.xcconfig"; path = "Pods/Target Support Files/Pods-NinchatSDK/Pods-NinchatSDK.release.xcconfig"; sourceTree = "<group>"; };
/* End PBXFileReference section */

/* Begin PBXFrameworksBuildPhase section */
		49944351208DF33400101DCA /* Frameworks */ = {
			isa = PBXFrameworksBuildPhase;
			buildActionMask = 2147483647;
			files = (
				496230182153EC4A00570D59 /* VideoToolbox.framework in Frameworks */,
				496230162153EC2F00570D59 /* libstdc++.tbd in Frameworks */,
				496230142153E94800570D59 /* Libjingle.framework in Frameworks */,
				3B7C28569C52B8BCE90E5F43 /* Pods_NinchatSDK.framework in Frameworks */,
			);
			runOnlyForDeploymentPostprocessing = 0;
		};
		4994435B208DF33400101DCA /* Frameworks */ = {
			isa = PBXFrameworksBuildPhase;
			buildActionMask = 2147483647;
			files = (
				49D77F2221563FA900900224 /* libstdc++.tbd in Frameworks */,
				49D77F2121563F9E00900224 /* Libjingle.framework in Frameworks */,
				49D77F2321563FAC00900224 /* VideoToolbox.framework in Frameworks */,
				4994435F208DF33400101DCA /* NinchatSDK.framework in Frameworks */,
				7EA5647BD4220552EE115E16 /* Pods_NinchatSDKTests.framework in Frameworks */,
			);
			runOnlyForDeploymentPostprocessing = 0;
		};
/* End PBXFrameworksBuildPhase section */

/* Begin PBXGroup section */
		49140B6D20F2492500A00EA8 /* SessionManager */ = {
			isa = PBXGroup;
			children = (
				49140B6E20F2494800A00EA8 /* NINSessionManager.h */,
				49140B6F20F2494800A00EA8 /* NINSessionManager.m */,
			);
			path = SessionManager;
			sourceTree = "<group>";
		};
		49140B7E20F28BC400A00EA8 /* ChatViewController */ = {
			isa = PBXGroup;
			children = (
				49721CCE21295AA400695F33 /* ChatView */,
				49140B7F20F28BE000A00EA8 /* NINChatViewController.h */,
				49140B8020F28BE000A00EA8 /* NINChatViewController.m */,
			);
			path = ChatViewController;
			sourceTree = "<group>";
		};
		49140B8420F3957E00A00EA8 /* QueueView */ = {
			isa = PBXGroup;
			children = (
				49140B8520F395A700A00EA8 /* NINQueueViewController.h */,
				49140B8620F395A700A00EA8 /* NINQueueViewController.m */,
			);
			path = QueueView;
			sourceTree = "<group>";
		};
		49140B8A20F4BF3F00A00EA8 /* CustomControls */ = {
			isa = PBXGroup;
			children = (
				496F1EB321663135006CF321 /* ChoiceDialog */,
				496F1EAE21660FB9006CF321 /* ExpandingTextView */,
				49D77F3121569BE600900224 /* Toast */,
				497C4ED6214A8CD60090C5E6 /* CloseChatButton */,
				494330C4213FB389006E2C9C /* VideoCallConsentDialog */,
				49721CCD21295A8600695F33 /* NavigationBar */,
			);
			path = CustomControls;
			sourceTree = "<group>";
		};
		49140B8B20F4BF5A00A00EA8 /* ViewControllers */ = {
			isa = PBXGroup;
			children = (
				49D77F28215651A200900224 /* FullScreenImage */,
				49F5FA3C20F8CF4C00A4A526 /* RatingView */,
				49140B8420F3957E00A00EA8 /* QueueView */,
				49140B7E20F28BC400A00EA8 /* ChatViewController */,
				499443C4208F47F000101DCA /* InitialView */,
				49F5FA2220F4E89A00A4A526 /* NINBaseViewController.h */,
				49F5FA2320F4E89A00A4A526 /* NINBaseViewController.m */,
			);
			path = ViewControllers;
			sourceTree = "<group>";
		};
		493044232159013200DECB0C /* ManagersAndServices */ = {
			isa = PBXGroup;
			children = (
				49CD077D216205AA00046AB9 /* VideoThumbnailManager */,
				49140B6D20F2492500A00EA8 /* SessionManager */,
			);
			path = ManagersAndServices;
			sourceTree = "<group>";
		};
		494330C4213FB389006E2C9C /* VideoCallConsentDialog */ = {
			isa = PBXGroup;
			children = (
				494330C5213FB3B5006E2C9C /* NINVideoCallConsentDialog.h */,
				494330C6213FB3B5006E2C9C /* NINVideoCallConsentDialog.m */,
				494330C9213FB43C006E2C9C /* NINVideoCallConsentDialog.xib */,
			);
			path = VideoCallConsentDialog;
			sourceTree = "<group>";
		};
		494330CB213FBE9A006E2C9C /* Fonts */ = {
			isa = PBXGroup;
			children = (
				494330D1213FBECC006E2C9C /* SourceSansPro-Black.ttf */,
				494330D0213FBECC006E2C9C /* SourceSansPro-BlackItalic.ttf */,
				494330CC213FBECB006E2C9C /* SourceSansPro-Bold.ttf */,
				494330D3213FBECC006E2C9C /* SourceSansPro-BoldItalic.ttf */,
				494330D2213FBECC006E2C9C /* SourceSansPro-ExtraLight.ttf */,
				494330D4213FBECC006E2C9C /* SourceSansPro-ExtraLightItalic.ttf */,
				494330CE213FBECC006E2C9C /* SourceSansPro-Italic.ttf */,
				494330CD213FBECC006E2C9C /* SourceSansPro-Light.ttf */,
				494330CF213FBECC006E2C9C /* SourceSansPro-LightItalic.ttf */,
				494330D6213FBECD006E2C9C /* SourceSansPro-Regular.ttf */,
				494330D7213FBECD006E2C9C /* SourceSansPro-SemiBold.ttf */,
				494330D5213FBECC006E2C9C /* SourceSansPro-SemiBoldItalic.ttf */,
			);
			path = Fonts;
			sourceTree = "<group>";
		};
		4957629F20EE1A8700BC39A8 /* Utils */ = {
			isa = PBXGroup;
			children = (
				49B699C7215626DF00E6C83D /* Tools */,
				49B699C62156260A00E6C83D /* Entities */,
				49B699C5215625EA00E6C83D /* UI */,
				49721CDB212AF7F200695F33 /* WebRTC */,
				49140B7C20F27BC900A00EA8 /* NINPrivateTypes.h */,
				495762A020EE1AC700BC39A8 /* NINUtils.h */,
				495762A120EE1AE000BC39A8 /* NINUtils.m */,
				4911895A214B9B14008F1748 /* NINChatSession+Internal.h */,
				4911895B214B9B14008F1748 /* NINChatSession+Internal.m */,
			);
			path = Utils;
			sourceTree = "<group>";
		};
		496F1EAE21660FB9006CF321 /* ExpandingTextView */ = {
			isa = PBXGroup;
			children = (
				496F1EAF21660FEF006CF321 /* NINExpandingTextView.h */,
				496F1EB021660FEF006CF321 /* NINExpandingTextView.m */,
			);
			path = ExpandingTextView;
			sourceTree = "<group>";
		};
		496F1EB321663135006CF321 /* ChoiceDialog */ = {
			isa = PBXGroup;
			children = (
				496F1EB421663159006CF321 /* NINChoiceDialog.h */,
				496F1EB521663159006CF321 /* NINChoiceDialog.m */,
				496F1EB82166316C006CF321 /* NINChoiceDialog.xib */,
				496F1EBA21663205006CF321 /* NINChoiceDialogRow.h */,
				496F1EBB21663205006CF321 /* NINChoiceDialogRow.m */,
				496F1EBE21663211006CF321 /* NINChoiceDialogRow.xib */,
			);
			path = ChoiceDialog;
			sourceTree = "<group>";
		};
		49721CC42122F6DA00695F33 /* WebRTC */ = {
			isa = PBXGroup;
			children = (
				49721CC52122F70500695F33 /* NINWebRTCClient.h */,
				49721CC62122F70500695F33 /* NINWebRTCClient.m */,
				49721CC92122F87B00695F33 /* NINWebRTCServerInfo.h */,
				49721CCA2122F87B00695F33 /* NINWebRTCServerInfo.m */,
			);
			path = WebRTC;
			sourceTree = "<group>";
		};
		49721CCD21295A8600695F33 /* NavigationBar */ = {
			isa = PBXGroup;
			children = (
				49140B8C20F4BFA000A00EA8 /* NINNavigationBar.h */,
				49140B8D20F4BFA000A00EA8 /* NINNavigationBar.m */,
				49140B9120F4BFB800A00EA8 /* NINNavigationBar.xib */,
			);
			path = NavigationBar;
			sourceTree = "<group>";
		};
		49721CCE21295AA400695F33 /* ChatView */ = {
			isa = PBXGroup;
			children = (
				49721CCF21295AE900695F33 /* NINChatView.h */,
				49721CD021295AEA00695F33 /* NINChatView.m */,
				49721CD321295B0300695F33 /* NINChatView.xib */,
				49721CD521295C7F00695F33 /* NINChatBubbleCell.h */,
				49721CD621295C7F00695F33 /* NINChatBubbleCell.m */,
				49721CD921295CC000695F33 /* NINChatBubbleCell.xib */,
				4930441D2158DD4E00DECB0C /* NINChatMetaCell.h */,
				4930441E2158DD4E00DECB0C /* NINChatMetaCell.m */,
				493044212158DD5F00DECB0C /* NINChatMetaCell.xib */,
			);
			path = ChatView;
			sourceTree = "<group>";
		};
		49721CDB212AF7F200695F33 /* WebRTC */ = {
			isa = PBXGroup;
			children = (
				49721CDC212AF84200695F33 /* RTCSessionDescription+Dictionary.h */,
				49721CDD212AF84200695F33 /* RTCSessionDescription+Dictionary.m */,
				49721CE0212AFBBB00695F33 /* RTCICECandidate+Dictionary.h */,
				49721CE1212AFBBB00695F33 /* RTCICECandidate+Dictionary.m */,
			);
			path = WebRTC;
			sourceTree = "<group>";
		};
		497C4ED6214A8CD60090C5E6 /* CloseChatButton */ = {
			isa = PBXGroup;
			children = (
				497C4ED7214A8D060090C5E6 /* NINCloseChatButton.h */,
				497C4ED8214A8D060090C5E6 /* NINCloseChatButton.m */,
				497C4EDB214A8D170090C5E6 /* NINCloseChatButton.xib */,
			);
			path = CloseChatButton;
			sourceTree = "<group>";
		};
		4994434B208DF33400101DCA = {
			isa = PBXGroup;
			children = (
				491D5A1D20CFD31B003E2EE9 /* Podfile */,
				49B699BF2155550100E6C83D /* NinchatLowLevelClient.podspec */,
				49944372208E05DB00101DCA /* NinchatSDK.podspec */,
				49944374208E05DB00101DCA /* BUILDING.md */,
				49944373208E05DB00101DCA /* README.md */,
				4994436F208E007700101DCA /* Frameworks */,
				49944357208DF33400101DCA /* NinchatSDK */,
				49944362208DF33400101DCA /* NinchatSDKTests */,
				49944356208DF33400101DCA /* Products */,
				748A62C35B36023A82D6A0E2 /* Pods */,
			);
			sourceTree = "<group>";
		};
		49944356208DF33400101DCA /* Products */ = {
			isa = PBXGroup;
			children = (
				49944355208DF33400101DCA /* NinchatSDK.framework */,
				4994435E208DF33400101DCA /* NinchatSDKTests.xctest */,
			);
			name = Products;
			sourceTree = "<group>";
		};
		49944357208DF33400101DCA /* NinchatSDK */ = {
			isa = PBXGroup;
			children = (
				493044232159013200DECB0C /* ManagersAndServices */,
				49721CC42122F6DA00695F33 /* WebRTC */,
				4957629F20EE1A8700BC39A8 /* Utils */,
				499443BD208F473700101DCA /* UI */,
				49944358208DF33400101DCA /* NinchatSDK.h */,
				49944359208DF33400101DCA /* Info.plist */,
				499443B2208F320700101DCA /* NINChatSession.h */,
				499443B3208F320700101DCA /* NINChatSession.m */,
				49140B7320F267EE00A00EA8 /* NINPublicTypes.h */,
				499443BC208F37A300101DCA /* PrefixHeader.pch */,
			);
			path = NinchatSDK;
			sourceTree = "<group>";
		};
		49944362208DF33400101DCA /* NinchatSDKTests */ = {
			isa = PBXGroup;
			children = (
				49944365208DF33400101DCA /* Info.plist */,
				49944363208DF33400101DCA /* NinchatSDKTests.m */,
				49D77F1F21563EBA00900224 /* NSString+NinchatTests.m */,
			);
			path = NinchatSDKTests;
			sourceTree = "<group>";
		};
		4994436F208E007700101DCA /* Frameworks */ = {
			isa = PBXGroup;
			children = (
				496230172153EC4A00570D59 /* VideoToolbox.framework */,
				496230152153EC2F00570D59 /* libstdc++.tbd */,
				496230132153E94800570D59 /* Libjingle.framework */,
				5317ED40D8AD5529D4109826 /* Pods_NinchatSDK.framework */,
				CA3047E6C0F0E96D595DED5B /* Pods_NinchatSDKTests.framework */,
			);
			path = Frameworks;
			sourceTree = "<group>";
		};
		499443BD208F473700101DCA /* UI */ = {
			isa = PBXGroup;
			children = (
				494330CB213FBE9A006E2C9C /* Fonts */,
				49140B8B20F4BF5A00A00EA8 /* ViewControllers */,
				49140B8A20F4BF3F00A00EA8 /* CustomControls */,
				499443BE208F475200101DCA /* Chat.storyboard */,
				49140B9420F4C04A00A00EA8 /* Media.xcassets */,
			);
			path = UI;
			sourceTree = "<group>";
		};
		499443C4208F47F000101DCA /* InitialView */ = {
			isa = PBXGroup;
			children = (
				499443C0208F47EA00101DCA /* NINInitialViewController.h */,
				499443C1208F47EA00101DCA /* NINInitialViewController.m */,
			);
			path = InitialView;
			sourceTree = "<group>";
		};
		49B699C5215625EA00E6C83D /* UI */ = {
			isa = PBXGroup;
			children = (
				496F85F4213838E7001FD1C4 /* NINTouchView.h */,
				496F85F5213838E7001FD1C4 /* NINTouchView.m */,
				49D77F242156497600900224 /* UITextView+Ninchat.h */,
				49D77F252156497600900224 /* UITextView+Ninchat.m */,
				49D77F2D21566E5700900224 /* UIImageView+Ninchat.h */,
				49D77F2E21566E5700900224 /* UIImageView+Ninchat.m */,
			);
			path = UI;
			sourceTree = "<group>";
		};
		49B699C62156260A00E6C83D /* Entities */ = {
			isa = PBXGroup;
			children = (
				496F85F02137DD43001FD1C4 /* NINChannelUser.h */,
				496F85F12137DD43001FD1C4 /* NINChannelUser.m */,
				49140B7420F2748800A00EA8 /* NINChannelMessage.h */,
				49140B7520F2748800A00EA8 /* NINChannelMessage.m */,
				49F5FA3720F781D600A4A526 /* NINQueue.h */,
				49F5FA3820F781D600A4A526 /* NINQueue.m */,
				49622FAB214FCD3700570D59 /* NINFileInfo.h */,
				49622FAC214FCD3700570D59 /* NINFileInfo.m */,
				493044172158D37700DECB0C /* NINChatMessage.h */,
				493044192158D90700DECB0C /* NINChatMetaMessage.h */,
				4930441A2158D90700DECB0C /* NINChatMetaMessage.m */,
				49CD0779215CD4AD00046AB9 /* NINUserTypingMessage.h */,
				49CD077A215CD4AD00046AB9 /* NINUserTypingMessage.m */,
			);
			path = Entities;
			sourceTree = "<group>";
		};
		49B699C7215626DF00E6C83D /* Tools */ = {
			isa = PBXGroup;
			children = (
				49F5FA3320F775FF00A4A526 /* NINClientPropsParser.h */,
				49F5FA3220F775FF00A4A526 /* NINClientPropsParser.m */,
				4911895E214BE54F008F1748 /* NSDateFormatter+Ninchat.h */,
				4911895F214BE54F008F1748 /* NSDateFormatter+Ninchat.m */,
				49B699C1215625E200E6C83D /* NSMutableAttributedString+Ninchat.h */,
				49B699C2215625E200E6C83D /* NSMutableAttributedString+Ninchat.m */,
				49B699C82156312000E6C83D /* NSString+Ninchat.h */,
				49B699C92156312000E6C83D /* NSString+Ninchat.m */,
				496F1EAA2164F3A5006CF321 /* UIButton+Ninchat.h */,
				496F1EAB2164F3A5006CF321 /* UIButton+Ninchat.m */,
				4986E5A721A573ED00104CD4 /* NINPermissions.h */,
				4986E5A821A573ED00104CD4 /* NINPermissions.m */,
			);
			path = Tools;
			sourceTree = "<group>";
		};
		49CD077D216205AA00046AB9 /* VideoThumbnailManager */ = {
			isa = PBXGroup;
			children = (
				49CD077E216205C600046AB9 /* NINVideoThumbnailManager.h */,
				49CD077F216205C600046AB9 /* NINVideoThumbnailManager.m */,
			);
			path = VideoThumbnailManager;
			sourceTree = "<group>";
		};
		49D77F28215651A200900224 /* FullScreenImage */ = {
			isa = PBXGroup;
			children = (
				49D77F29215651DE00900224 /* NINFullScreenImageViewController.h */,
				49D77F2A215651DE00900224 /* NINFullScreenImageViewController.m */,
			);
			path = FullScreenImage;
			sourceTree = "<group>";
		};
		49D77F3121569BE600900224 /* Toast */ = {
			isa = PBXGroup;
			children = (
				49D77F3221569C0400900224 /* NINToast.h */,
				49D77F3321569C0400900224 /* NINToast.m */,
				49D77F3621569CBF00900224 /* NINToast.xib */,
			);
			path = Toast;
			sourceTree = "<group>";
		};
		49F5FA3C20F8CF4C00A4A526 /* RatingView */ = {
			isa = PBXGroup;
			children = (
				49F5FA3D20F8CF6B00A4A526 /* NINRatingViewController.h */,
				49F5FA3E20F8CF6B00A4A526 /* NINRatingViewController.m */,
			);
			path = RatingView;
			sourceTree = "<group>";
		};
		748A62C35B36023A82D6A0E2 /* Pods */ = {
			isa = PBXGroup;
			children = (
				A7F7699C7352569AF2E37C05 /* Pods-NinchatSDK.debug.xcconfig */,
				D14280DE86D0B4B6F519155F /* Pods-NinchatSDK.release.xcconfig */,
				079C11273990681ACED0C21B /* Pods-NinchatSDKTests.debug.xcconfig */,
				CA92BA1DB07BD7F2E578990B /* Pods-NinchatSDKTests.release.xcconfig */,
			);
			name = Pods;
			sourceTree = "<group>";
		};
/* End PBXGroup section */

/* Begin PBXHeadersBuildPhase section */
		49944352208DF33400101DCA /* Headers */ = {
			isa = PBXHeadersBuildPhase;
			buildActionMask = 2147483647;
			files = (
				49CD0780216205C600046AB9 /* NINVideoThumbnailManager.h in Headers */,
				49D77F262156497600900224 /* UITextView+Ninchat.h in Headers */,
				4930441B2158D90700DECB0C /* NINChatMetaMessage.h in Headers */,
				49721CD721295C7F00695F33 /* NINChatBubbleCell.h in Headers */,
				4930441F2158DD4E00DECB0C /* NINChatMetaCell.h in Headers */,
				49D77F3421569C0400900224 /* NINToast.h in Headers */,
				49721CCB2122F87B00695F33 /* NINWebRTCServerInfo.h in Headers */,
				496230192153ED6300570D59 /* NINPublicTypes.h in Headers */,
				49B699C3215625E200E6C83D /* NSMutableAttributedString+Ninchat.h in Headers */,
				493044182158D37700DECB0C /* NINChatMessage.h in Headers */,
				496F1EAC2164F3A5006CF321 /* UIButton+Ninchat.h in Headers */,
				49F5FA3620F775FF00A4A526 /* NINClientPropsParser.h in Headers */,
				49F5FA3F20F8CF6B00A4A526 /* NINRatingViewController.h in Headers */,
				49721CC72122F70500695F33 /* NINWebRTCClient.h in Headers */,
				49140B7620F2748800A00EA8 /* NINChannelMessage.h in Headers */,
				496F85F22137DD43001FD1C4 /* NINChannelUser.h in Headers */,
				49140B8720F395A700A00EA8 /* NINQueueViewController.h in Headers */,
				497C4ED9214A8D060090C5E6 /* NINCloseChatButton.h in Headers */,
				49140B8120F28BE000A00EA8 /* NINChatViewController.h in Headers */,
				494330C7213FB3B5006E2C9C /* NINVideoCallConsentDialog.h in Headers */,
				49944366208DF33400101DCA /* NinchatSDK.h in Headers */,
				49F5FA2420F4E89A00A4A526 /* NINBaseViewController.h in Headers */,
				49F5FA3920F781D600A4A526 /* NINQueue.h in Headers */,
				49622FAD214FCD3700570D59 /* NINFileInfo.h in Headers */,
				4911895C214B9B14008F1748 /* NINChatSession+Internal.h in Headers */,
				49721CD121295AEA00695F33 /* NINChatView.h in Headers */,
				49140B7D20F27BC900A00EA8 /* NINPrivateTypes.h in Headers */,
				496F85F6213838E7001FD1C4 /* NINTouchView.h in Headers */,
				49721CE2212AFBBB00695F33 /* RTCICECandidate+Dictionary.h in Headers */,
				49D77F2F21566E5700900224 /* UIImageView+Ninchat.h in Headers */,
				4986E5A921A573ED00104CD4 /* NINPermissions.h in Headers */,
				496F1EBC21663205006CF321 /* NINChoiceDialogRow.h in Headers */,
				499443B4208F320700101DCA /* NINChatSession.h in Headers */,
				49CD0778215CB1A700046AB9 /* NSString+Ninchat.h in Headers */,
				49721CDE212AF84200695F33 /* RTCSessionDescription+Dictionary.h in Headers */,
				496F1EB621663159006CF321 /* NINChoiceDialog.h in Headers */,
				499443C2208F47EA00101DCA /* NINInitialViewController.h in Headers */,
				49140B7020F2494800A00EA8 /* NINSessionManager.h in Headers */,
				49140B8E20F4BFA000A00EA8 /* NINNavigationBar.h in Headers */,
				49D77F2B215651DE00900224 /* NINFullScreenImageViewController.h in Headers */,
				49CD077B215CD4AD00046AB9 /* NINUserTypingMessage.h in Headers */,
				49118960214BE54F008F1748 /* NSDateFormatter+Ninchat.h in Headers */,
				496F1EB121660FEF006CF321 /* NINExpandingTextView.h in Headers */,
			);
			runOnlyForDeploymentPostprocessing = 0;
		};
/* End PBXHeadersBuildPhase section */

/* Begin PBXNativeTarget section */
		49944354208DF33400101DCA /* NinchatSDK */ = {
			isa = PBXNativeTarget;
			buildConfigurationList = 49944369208DF33400101DCA /* Build configuration list for PBXNativeTarget "NinchatSDK" */;
			buildPhases = (
				85C7A92057B69D8404D41D31 /* [CP] Check Pods Manifest.lock */,
				49944350208DF33400101DCA /* Sources */,
				49944351208DF33400101DCA /* Frameworks */,
				49944352208DF33400101DCA /* Headers */,
				49944353208DF33400101DCA /* Resources */,
			);
			buildRules = (
			);
			dependencies = (
			);
			name = NinchatSDK;
			productName = NinchatSDK;
			productReference = 49944355208DF33400101DCA /* NinchatSDK.framework */;
			productType = "com.apple.product-type.framework";
		};
		4994435D208DF33400101DCA /* NinchatSDKTests */ = {
			isa = PBXNativeTarget;
			buildConfigurationList = 4994436C208DF33400101DCA /* Build configuration list for PBXNativeTarget "NinchatSDKTests" */;
			buildPhases = (
				FAFC3D6DEF9918AA33E4F0FD /* [CP] Check Pods Manifest.lock */,
				4994435A208DF33400101DCA /* Sources */,
				4994435B208DF33400101DCA /* Frameworks */,
				4994435C208DF33400101DCA /* Resources */,
				5611E2D1561F046206D6567B /* [CP] Embed Pods Frameworks */,
			);
			buildRules = (
			);
			dependencies = (
				49944361208DF33400101DCA /* PBXTargetDependency */,
			);
			name = NinchatSDKTests;
			productName = NinchatSDKTests;
			productReference = 4994435E208DF33400101DCA /* NinchatSDKTests.xctest */;
			productType = "com.apple.product-type.bundle.unit-test";
		};
/* End PBXNativeTarget section */

/* Begin PBXProject section */
		4994434C208DF33400101DCA /* Project object */ = {
			isa = PBXProject;
			attributes = {
				CLASSPREFIX = NIN;
				LastUpgradeCheck = 1010;
				ORGANIZATIONNAME = "Somia Reality Oy";
				TargetAttributes = {
					49944354208DF33400101DCA = {
						CreatedOnToolsVersion = 9.3;
					};
					4994435D208DF33400101DCA = {
						CreatedOnToolsVersion = 9.3;
					};
				};
			};
			buildConfigurationList = 4994434F208DF33400101DCA /* Build configuration list for PBXProject "NinchatSDK" */;
			compatibilityVersion = "Xcode 9.3";
			developmentRegion = en;
			hasScannedForEncodings = 0;
			knownRegions = (
				en,
			);
			mainGroup = 4994434B208DF33400101DCA;
			productRefGroup = 49944356208DF33400101DCA /* Products */;
			projectDirPath = "";
			projectRoot = "";
			targets = (
				49944354208DF33400101DCA /* NinchatSDK */,
				4994435D208DF33400101DCA /* NinchatSDKTests */,
			);
		};
/* End PBXProject section */

/* Begin PBXResourcesBuildPhase section */
		49944353208DF33400101DCA /* Resources */ = {
			isa = PBXResourcesBuildPhase;
			buildActionMask = 2147483647;
			files = (
				493044222158DD5F00DECB0C /* NINChatMetaCell.xib in Resources */,
				49721CD421295B0300695F33 /* NINChatView.xib in Resources */,
				494330DF213FBECD006E2C9C /* SourceSansPro-BoldItalic.ttf in Resources */,
				494330DE213FBECD006E2C9C /* SourceSansPro-ExtraLight.ttf in Resources */,
				49721CDA21295CC000695F33 /* NINChatBubbleCell.xib in Resources */,
				494330CA213FB43C006E2C9C /* NINVideoCallConsentDialog.xib in Resources */,
				494330D9213FBECD006E2C9C /* SourceSansPro-Light.ttf in Resources */,
				494330E1213FBECD006E2C9C /* SourceSansPro-SemiBoldItalic.ttf in Resources */,
				49B699C02155550100E6C83D /* NinchatLowLevelClient.podspec in Resources */,
				496F1EB92166316C006CF321 /* NINChoiceDialog.xib in Resources */,
				494330E0213FBECD006E2C9C /* SourceSansPro-ExtraLightItalic.ttf in Resources */,
				494330DD213FBECD006E2C9C /* SourceSansPro-Black.ttf in Resources */,
				494330DA213FBECD006E2C9C /* SourceSansPro-Italic.ttf in Resources */,
				49140B9220F4BFB800A00EA8 /* NINNavigationBar.xib in Resources */,
				49D77F3721569CBF00900224 /* NINToast.xib in Resources */,
				496F1EBF21663211006CF321 /* NINChoiceDialogRow.xib in Resources */,
				494330DB213FBECD006E2C9C /* SourceSansPro-LightItalic.ttf in Resources */,
				49140B9520F4C04A00A00EA8 /* Media.xcassets in Resources */,
				494330E3213FBECD006E2C9C /* SourceSansPro-SemiBold.ttf in Resources */,
				499443BF208F475200101DCA /* Chat.storyboard in Resources */,
				494330E2213FBECD006E2C9C /* SourceSansPro-Regular.ttf in Resources */,
				494330DC213FBECD006E2C9C /* SourceSansPro-BlackItalic.ttf in Resources */,
				494330D8213FBECD006E2C9C /* SourceSansPro-Bold.ttf in Resources */,
				497C4EDC214A8D170090C5E6 /* NINCloseChatButton.xib in Resources */,
			);
			runOnlyForDeploymentPostprocessing = 0;
		};
		4994435C208DF33400101DCA /* Resources */ = {
			isa = PBXResourcesBuildPhase;
			buildActionMask = 2147483647;
			files = (
				49140B9620F4C04A00A00EA8 /* Media.xcassets in Resources */,
				49140B9320F4BFB800A00EA8 /* NINNavigationBar.xib in Resources */,
			);
			runOnlyForDeploymentPostprocessing = 0;
		};
/* End PBXResourcesBuildPhase section */

/* Begin PBXShellScriptBuildPhase section */
		5611E2D1561F046206D6567B /* [CP] Embed Pods Frameworks */ = {
			isa = PBXShellScriptBuildPhase;
			buildActionMask = 2147483647;
			files = (
			);
			inputPaths = (
				"${SRCROOT}/Pods/Target Support Files/Pods-NinchatSDKTests/Pods-NinchatSDKTests-frameworks.sh",
				"${BUILT_PRODUCTS_DIR}/AFNetworking/AFNetworking.framework",
			);
			name = "[CP] Embed Pods Frameworks";
			outputPaths = (
				"${TARGET_BUILD_DIR}/${FRAMEWORKS_FOLDER_PATH}/AFNetworking.framework",
			);
			runOnlyForDeploymentPostprocessing = 0;
			shellPath = /bin/sh;
			shellScript = "\"${SRCROOT}/Pods/Target Support Files/Pods-NinchatSDKTests/Pods-NinchatSDKTests-frameworks.sh\"\n";
			showEnvVarsInLog = 0;
		};
		85C7A92057B69D8404D41D31 /* [CP] Check Pods Manifest.lock */ = {
			isa = PBXShellScriptBuildPhase;
			buildActionMask = 2147483647;
			files = (
			);
			inputPaths = (
				"${PODS_PODFILE_DIR_PATH}/Podfile.lock",
				"${PODS_ROOT}/Manifest.lock",
			);
			name = "[CP] Check Pods Manifest.lock";
			outputPaths = (
				"$(DERIVED_FILE_DIR)/Pods-NinchatSDK-checkManifestLockResult.txt",
			);
			runOnlyForDeploymentPostprocessing = 0;
			shellPath = /bin/sh;
			shellScript = "diff \"${PODS_PODFILE_DIR_PATH}/Podfile.lock\" \"${PODS_ROOT}/Manifest.lock\" > /dev/null\nif [ $? != 0 ] ; then\n    # print error to STDERR\n    echo \"error: The sandbox is not in sync with the Podfile.lock. Run 'pod install' or update your CocoaPods installation.\" >&2\n    exit 1\nfi\n# This output is used by Xcode 'outputs' to avoid re-running this script phase.\necho \"SUCCESS\" > \"${SCRIPT_OUTPUT_FILE_0}\"\n";
			showEnvVarsInLog = 0;
		};
		FAFC3D6DEF9918AA33E4F0FD /* [CP] Check Pods Manifest.lock */ = {
			isa = PBXShellScriptBuildPhase;
			buildActionMask = 2147483647;
			files = (
			);
			inputPaths = (
				"${PODS_PODFILE_DIR_PATH}/Podfile.lock",
				"${PODS_ROOT}/Manifest.lock",
			);
			name = "[CP] Check Pods Manifest.lock";
			outputPaths = (
				"$(DERIVED_FILE_DIR)/Pods-NinchatSDKTests-checkManifestLockResult.txt",
			);
			runOnlyForDeploymentPostprocessing = 0;
			shellPath = /bin/sh;
			shellScript = "diff \"${PODS_PODFILE_DIR_PATH}/Podfile.lock\" \"${PODS_ROOT}/Manifest.lock\" > /dev/null\nif [ $? != 0 ] ; then\n    # print error to STDERR\n    echo \"error: The sandbox is not in sync with the Podfile.lock. Run 'pod install' or update your CocoaPods installation.\" >&2\n    exit 1\nfi\n# This output is used by Xcode 'outputs' to avoid re-running this script phase.\necho \"SUCCESS\" > \"${SCRIPT_OUTPUT_FILE_0}\"\n";
			showEnvVarsInLog = 0;
		};
/* End PBXShellScriptBuildPhase section */

/* Begin PBXSourcesBuildPhase section */
		49944350208DF33400101DCA /* Sources */ = {
			isa = PBXSourcesBuildPhase;
			buildActionMask = 2147483647;
			files = (
				4930441C2158D90700DECB0C /* NINChatMetaMessage.m in Sources */,
				496F1EB221660FEF006CF321 /* NINExpandingTextView.m in Sources */,
				49721CD821295C7F00695F33 /* NINChatBubbleCell.m in Sources */,
				49D77F3521569C0400900224 /* NINToast.m in Sources */,
				49F5FA2520F4E89A00A4A526 /* NINBaseViewController.m in Sources */,
				49CD0781216205C600046AB9 /* NINVideoThumbnailManager.m in Sources */,
				49140B7120F2494800A00EA8 /* NINSessionManager.m in Sources */,
				49B699CB2156312000E6C83D /* NSString+Ninchat.m in Sources */,
				49F5FA3420F775FF00A4A526 /* NINClientPropsParser.m in Sources */,
				49140B7720F2748800A00EA8 /* NINChannelMessage.m in Sources */,
				4911895D214B9B14008F1748 /* NINChatSession+Internal.m in Sources */,
				49F5FA3A20F781D600A4A526 /* NINQueue.m in Sources */,
				49721CC82122F70500695F33 /* NINWebRTCClient.m in Sources */,
				499443C3208F47EA00101DCA /* NINInitialViewController.m in Sources */,
				493044202158DD4E00DECB0C /* NINChatMetaCell.m in Sources */,
				49721CD221295AEA00695F33 /* NINChatView.m in Sources */,
				495762A220EE1AE000BC39A8 /* NINUtils.m in Sources */,
				49140B8820F395A700A00EA8 /* NINQueueViewController.m in Sources */,
				49D77F272156497600900224 /* UITextView+Ninchat.m in Sources */,
				496F1EBD21663205006CF321 /* NINChoiceDialogRow.m in Sources */,
				49D77F2C215651DE00900224 /* NINFullScreenImageViewController.m in Sources */,
				496F85F7213838E7001FD1C4 /* NINTouchView.m in Sources */,
				49CD077C215CD4AD00046AB9 /* NINUserTypingMessage.m in Sources */,
				496F85F32137DD43001FD1C4 /* NINChannelUser.m in Sources */,
				496F1EAD2164F3A5006CF321 /* UIButton+Ninchat.m in Sources */,
				49140B8F20F4BFA000A00EA8 /* NINNavigationBar.m in Sources */,
				49118961214BE54F008F1748 /* NSDateFormatter+Ninchat.m in Sources */,
				49B699C4215625E200E6C83D /* NSMutableAttributedString+Ninchat.m in Sources */,
				4986E5AA21A573ED00104CD4 /* NINPermissions.m in Sources */,
				49D77F3021566E5700900224 /* UIImageView+Ninchat.m in Sources */,
				49140B8220F28BE000A00EA8 /* NINChatViewController.m in Sources */,
				49721CE3212AFBBB00695F33 /* RTCICECandidate+Dictionary.m in Sources */,
				496F1EB721663159006CF321 /* NINChoiceDialog.m in Sources */,
				497C4EDA214A8D060090C5E6 /* NINCloseChatButton.m in Sources */,
				49622FAE214FCD3700570D59 /* NINFileInfo.m in Sources */,
				499443B5208F320700101DCA /* NINChatSession.m in Sources */,
				49721CDF212AF84200695F33 /* RTCSessionDescription+Dictionary.m in Sources */,
				49F5FA4020F8CF6B00A4A526 /* NINRatingViewController.m in Sources */,
				494330C8213FB3B5006E2C9C /* NINVideoCallConsentDialog.m in Sources */,
				49721CCC2122F87B00695F33 /* NINWebRTCServerInfo.m in Sources */,
			);
			runOnlyForDeploymentPostprocessing = 0;
		};
		4994435A208DF33400101DCA /* Sources */ = {
			isa = PBXSourcesBuildPhase;
			buildActionMask = 2147483647;
			files = (
				49F5FA2620F4E89A00A4A526 /* NINBaseViewController.m in Sources */,
				49140B7220F2494800A00EA8 /* NINSessionManager.m in Sources */,
				49F5FA3520F775FF00A4A526 /* NINClientPropsParser.m in Sources */,
				49D77F2021563EBA00900224 /* NSString+NinchatTests.m in Sources */,
				49140B7820F2748800A00EA8 /* NINChannelMessage.m in Sources */,
				49F5FA3B20F781D600A4A526 /* NINQueue.m in Sources */,
				499443B6208F320700101DCA /* NINChatSession.m in Sources */,
				495762A320EE1AE000BC39A8 /* NINUtils.m in Sources */,
				49140B8920F395A700A00EA8 /* NINQueueViewController.m in Sources */,
				49CD0777215CB18D00046AB9 /* NSString+Ninchat.m in Sources */,
				49140B9020F4BFA000A00EA8 /* NINNavigationBar.m in Sources */,
				49140B8320F28BE000A00EA8 /* NINChatViewController.m in Sources */,
				49944364208DF33400101DCA /* NinchatSDKTests.m in Sources */,
				49F5FA4120F8CF6B00A4A526 /* NINRatingViewController.m in Sources */,
			);
			runOnlyForDeploymentPostprocessing = 0;
		};
/* End PBXSourcesBuildPhase section */

/* Begin PBXTargetDependency section */
		49944361208DF33400101DCA /* PBXTargetDependency */ = {
			isa = PBXTargetDependency;
			target = 49944354208DF33400101DCA /* NinchatSDK */;
			targetProxy = 49944360208DF33400101DCA /* PBXContainerItemProxy */;
		};
/* End PBXTargetDependency section */

/* Begin XCBuildConfiguration section */
		49944367208DF33400101DCA /* Debug */ = {
			isa = XCBuildConfiguration;
			buildSettings = {
				ALWAYS_SEARCH_USER_PATHS = NO;
				CLANG_ANALYZER_NONNULL = YES;
				CLANG_ANALYZER_NUMBER_OBJECT_CONVERSION = YES_AGGRESSIVE;
				CLANG_CXX_LANGUAGE_STANDARD = "gnu++14";
				CLANG_CXX_LIBRARY = "libc++";
				CLANG_ENABLE_MODULES = YES;
				CLANG_ENABLE_OBJC_ARC = YES;
				CLANG_ENABLE_OBJC_WEAK = YES;
				CLANG_WARN_BLOCK_CAPTURE_AUTORELEASING = YES;
				CLANG_WARN_BOOL_CONVERSION = YES;
				CLANG_WARN_COMMA = YES;
				CLANG_WARN_CONSTANT_CONVERSION = YES;
				CLANG_WARN_DEPRECATED_OBJC_IMPLEMENTATIONS = YES;
				CLANG_WARN_DIRECT_OBJC_ISA_USAGE = YES_ERROR;
				CLANG_WARN_DOCUMENTATION_COMMENTS = YES;
				CLANG_WARN_EMPTY_BODY = YES;
				CLANG_WARN_ENUM_CONVERSION = YES;
				CLANG_WARN_INFINITE_RECURSION = YES;
				CLANG_WARN_INT_CONVERSION = YES;
				CLANG_WARN_NON_LITERAL_NULL_CONVERSION = YES;
				CLANG_WARN_OBJC_IMPLICIT_RETAIN_SELF = YES;
				CLANG_WARN_OBJC_LITERAL_CONVERSION = YES;
				CLANG_WARN_OBJC_ROOT_CLASS = YES_ERROR;
				CLANG_WARN_RANGE_LOOP_ANALYSIS = YES;
				CLANG_WARN_STRICT_PROTOTYPES = YES;
				CLANG_WARN_SUSPICIOUS_MOVE = YES;
				CLANG_WARN_UNGUARDED_AVAILABILITY = YES_AGGRESSIVE;
				CLANG_WARN_UNREACHABLE_CODE = YES;
				CLANG_WARN__DUPLICATE_METHOD_MATCH = YES;
				CODE_SIGN_IDENTITY = "iPhone Developer";
				COPY_PHASE_STRIP = NO;
				CURRENT_PROJECT_VERSION = 1;
				DEBUG_INFORMATION_FORMAT = dwarf;
				ENABLE_STRICT_OBJC_MSGSEND = YES;
				ENABLE_TESTABILITY = YES;
				GCC_C_LANGUAGE_STANDARD = gnu11;
				GCC_DYNAMIC_NO_PIC = NO;
				GCC_NO_COMMON_BLOCKS = YES;
				GCC_OPTIMIZATION_LEVEL = 0;
				GCC_PREFIX_HEADER = "$(SRCROOT)/NinchatSDK/PrefixHeader.pch";
				GCC_PREPROCESSOR_DEFINITIONS = (
					"DEBUG=1",
					"$(inherited)",
				);
				GCC_WARN_64_TO_32_BIT_CONVERSION = YES;
				GCC_WARN_ABOUT_RETURN_TYPE = YES_ERROR;
				GCC_WARN_UNDECLARED_SELECTOR = YES;
				GCC_WARN_UNINITIALIZED_AUTOS = YES_AGGRESSIVE;
				GCC_WARN_UNUSED_FUNCTION = YES;
				GCC_WARN_UNUSED_VARIABLE = YES;
				IPHONEOS_DEPLOYMENT_TARGET = 9.0;
				MTL_ENABLE_DEBUG_INFO = YES;
				ONLY_ACTIVE_ARCH = YES;
				OTHER_CFLAGS = (
					"-Wall",
					"-Werror",
				);
				SDKROOT = iphoneos;
				VERSIONING_SYSTEM = "apple-generic";
				VERSION_INFO_PREFIX = "";
			};
			name = Debug;
		};
		49944368208DF33400101DCA /* Release */ = {
			isa = XCBuildConfiguration;
			buildSettings = {
				ALWAYS_SEARCH_USER_PATHS = NO;
				CLANG_ANALYZER_NONNULL = YES;
				CLANG_ANALYZER_NUMBER_OBJECT_CONVERSION = YES_AGGRESSIVE;
				CLANG_CXX_LANGUAGE_STANDARD = "gnu++14";
				CLANG_CXX_LIBRARY = "libc++";
				CLANG_ENABLE_MODULES = YES;
				CLANG_ENABLE_OBJC_ARC = YES;
				CLANG_ENABLE_OBJC_WEAK = YES;
				CLANG_WARN_BLOCK_CAPTURE_AUTORELEASING = YES;
				CLANG_WARN_BOOL_CONVERSION = YES;
				CLANG_WARN_COMMA = YES;
				CLANG_WARN_CONSTANT_CONVERSION = YES;
				CLANG_WARN_DEPRECATED_OBJC_IMPLEMENTATIONS = YES;
				CLANG_WARN_DIRECT_OBJC_ISA_USAGE = YES_ERROR;
				CLANG_WARN_DOCUMENTATION_COMMENTS = YES;
				CLANG_WARN_EMPTY_BODY = YES;
				CLANG_WARN_ENUM_CONVERSION = YES;
				CLANG_WARN_INFINITE_RECURSION = YES;
				CLANG_WARN_INT_CONVERSION = YES;
				CLANG_WARN_NON_LITERAL_NULL_CONVERSION = YES;
				CLANG_WARN_OBJC_IMPLICIT_RETAIN_SELF = YES;
				CLANG_WARN_OBJC_LITERAL_CONVERSION = YES;
				CLANG_WARN_OBJC_ROOT_CLASS = YES_ERROR;
				CLANG_WARN_RANGE_LOOP_ANALYSIS = YES;
				CLANG_WARN_STRICT_PROTOTYPES = YES;
				CLANG_WARN_SUSPICIOUS_MOVE = YES;
				CLANG_WARN_UNGUARDED_AVAILABILITY = YES_AGGRESSIVE;
				CLANG_WARN_UNREACHABLE_CODE = YES;
				CLANG_WARN__DUPLICATE_METHOD_MATCH = YES;
				CODE_SIGN_IDENTITY = "iPhone Developer";
				COPY_PHASE_STRIP = NO;
				CURRENT_PROJECT_VERSION = 1;
				DEBUG_INFORMATION_FORMAT = "dwarf-with-dsym";
				ENABLE_NS_ASSERTIONS = NO;
				ENABLE_STRICT_OBJC_MSGSEND = YES;
				GCC_C_LANGUAGE_STANDARD = gnu11;
				GCC_NO_COMMON_BLOCKS = YES;
				GCC_PREFIX_HEADER = "$(SRCROOT)/NinchatSDK/PrefixHeader.pch";
				GCC_WARN_64_TO_32_BIT_CONVERSION = YES;
				GCC_WARN_ABOUT_RETURN_TYPE = YES_ERROR;
				GCC_WARN_UNDECLARED_SELECTOR = YES;
				GCC_WARN_UNINITIALIZED_AUTOS = YES_AGGRESSIVE;
				GCC_WARN_UNUSED_FUNCTION = YES;
				GCC_WARN_UNUSED_VARIABLE = YES;
				IPHONEOS_DEPLOYMENT_TARGET = 9.0;
				MTL_ENABLE_DEBUG_INFO = NO;
				OTHER_CFLAGS = (
					"-Wall",
					"-Werror",
				);
				SDKROOT = iphoneos;
				VALIDATE_PRODUCT = YES;
				VERSIONING_SYSTEM = "apple-generic";
				VERSION_INFO_PREFIX = "";
			};
			name = Release;
		};
		4994436A208DF33400101DCA /* Debug */ = {
			isa = XCBuildConfiguration;
			baseConfigurationReference = A7F7699C7352569AF2E37C05 /* Pods-NinchatSDK.debug.xcconfig */;
			buildSettings = {
				CODE_SIGN_IDENTITY = "";
				CODE_SIGN_STYLE = Automatic;
				DEFINES_MODULE = YES;
				DEVELOPMENT_TEAM = "";
				DYLIB_COMPATIBILITY_VERSION = 1;
				DYLIB_CURRENT_VERSION = 1;
				DYLIB_INSTALL_NAME_BASE = "@rpath";
				ENABLE_BITCODE = NO;
				FRAMEWORK_SEARCH_PATHS = (
					"$(inherited)",
					"$(PROJECT_DIR)/Frameworks",
				);
				GCC_DYNAMIC_NO_PIC = NO;
				INFOPLIST_FILE = NinchatSDK/Info.plist;
				INSTALL_PATH = "$(LOCAL_LIBRARY_DIR)/Frameworks";
				LD_RUNPATH_SEARCH_PATHS = (
					"$(inherited)",
					"@executable_path/Frameworks",
					"@loader_path/Frameworks",
				);
				PRODUCT_BUNDLE_IDENTIFIER = fi.qvik.NinchatSDK;
				PRODUCT_NAME = "$(TARGET_NAME:c99extidentifier)";
				PROVISIONING_PROFILE_SPECIFIER = "";
				SKIP_INSTALL = YES;
				TARGETED_DEVICE_FAMILY = "1,2";
			};
			name = Debug;
		};
		4994436B208DF33400101DCA /* Release */ = {
			isa = XCBuildConfiguration;
			baseConfigurationReference = D14280DE86D0B4B6F519155F /* Pods-NinchatSDK.release.xcconfig */;
			buildSettings = {
				CODE_SIGN_IDENTITY = "";
				CODE_SIGN_STYLE = Automatic;
				DEFINES_MODULE = YES;
				DEVELOPMENT_TEAM = "";
				DYLIB_COMPATIBILITY_VERSION = 1;
				DYLIB_CURRENT_VERSION = 1;
				DYLIB_INSTALL_NAME_BASE = "@rpath";
				ENABLE_BITCODE = NO;
				FRAMEWORK_SEARCH_PATHS = (
					"$(inherited)",
					"$(PROJECT_DIR)/Frameworks",
				);
				GCC_DYNAMIC_NO_PIC = NO;
				INFOPLIST_FILE = NinchatSDK/Info.plist;
				INSTALL_PATH = "$(LOCAL_LIBRARY_DIR)/Frameworks";
				LD_RUNPATH_SEARCH_PATHS = (
					"$(inherited)",
					"@executable_path/Frameworks",
					"@loader_path/Frameworks",
				);
				PRODUCT_BUNDLE_IDENTIFIER = fi.qvik.NinchatSDK;
				PRODUCT_NAME = "$(TARGET_NAME:c99extidentifier)";
				PROVISIONING_PROFILE_SPECIFIER = "";
				SKIP_INSTALL = YES;
				TARGETED_DEVICE_FAMILY = "1,2";
			};
			name = Release;
		};
		4994436D208DF33400101DCA /* Debug */ = {
			isa = XCBuildConfiguration;
			baseConfigurationReference = 079C11273990681ACED0C21B /* Pods-NinchatSDKTests.debug.xcconfig */;
			buildSettings = {
				CODE_SIGN_STYLE = Automatic;
				DEVELOPMENT_TEAM = 2RLYKMD3U8;
				FRAMEWORK_SEARCH_PATHS = (
					"$(inherited)",
					"$(PROJECT_DIR)/Frameworks",
				);
				INFOPLIST_FILE = NinchatSDKTests/Info.plist;
				LD_RUNPATH_SEARCH_PATHS = (
					"$(inherited)",
					"@executable_path/Frameworks",
					"@loader_path/Frameworks",
				);
				OTHER_LDFLAGS = "$(inherited)";
				PRODUCT_BUNDLE_IDENTIFIER = fi.qvik.NinchatSDKTests;
				PRODUCT_NAME = "$(TARGET_NAME)";
				TARGETED_DEVICE_FAMILY = "1,2";
			};
			name = Debug;
		};
		4994436E208DF33400101DCA /* Release */ = {
			isa = XCBuildConfiguration;
			baseConfigurationReference = CA92BA1DB07BD7F2E578990B /* Pods-NinchatSDKTests.release.xcconfig */;
			buildSettings = {
				CODE_SIGN_STYLE = Automatic;
				DEVELOPMENT_TEAM = 2RLYKMD3U8;
				FRAMEWORK_SEARCH_PATHS = (
					"$(inherited)",
					"$(PROJECT_DIR)/Frameworks",
				);
				INFOPLIST_FILE = NinchatSDKTests/Info.plist;
				LD_RUNPATH_SEARCH_PATHS = (
					"$(inherited)",
					"@executable_path/Frameworks",
					"@loader_path/Frameworks",
				);
				OTHER_LDFLAGS = "$(inherited)";
				PRODUCT_BUNDLE_IDENTIFIER = fi.qvik.NinchatSDKTests;
				PRODUCT_NAME = "$(TARGET_NAME)";
				TARGETED_DEVICE_FAMILY = "1,2";
			};
			name = Release;
		};
/* End XCBuildConfiguration section */

/* Begin XCConfigurationList section */
		4994434F208DF33400101DCA /* Build configuration list for PBXProject "NinchatSDK" */ = {
			isa = XCConfigurationList;
			buildConfigurations = (
				49944367208DF33400101DCA /* Debug */,
				49944368208DF33400101DCA /* Release */,
			);
			defaultConfigurationIsVisible = 0;
			defaultConfigurationName = Release;
		};
		49944369208DF33400101DCA /* Build configuration list for PBXNativeTarget "NinchatSDK" */ = {
			isa = XCConfigurationList;
			buildConfigurations = (
				4994436A208DF33400101DCA /* Debug */,
				4994436B208DF33400101DCA /* Release */,
			);
			defaultConfigurationIsVisible = 0;
			defaultConfigurationName = Release;
		};
		4994436C208DF33400101DCA /* Build configuration list for PBXNativeTarget "NinchatSDKTests" */ = {
			isa = XCConfigurationList;
			buildConfigurations = (
				4994436D208DF33400101DCA /* Debug */,
				4994436E208DF33400101DCA /* Release */,
			);
			defaultConfigurationIsVisible = 0;
			defaultConfigurationName = Release;
		};
/* End XCConfigurationList section */
	};
	rootObject = 4994434C208DF33400101DCA /* Project object */;
}
